// !$*UTF8*$!
{
	archiveVersion = 1;
	classes = {
	};
	objectVersion = 48;
	objects = {

/* Begin PBXBuildFile section */
		3C5475151FC18A7C00B93285 /* StationCell.swift in Sources */ = {isa = PBXBuildFile; fileRef = 3C5475131FC18A7C00B93285 /* StationCell.swift */; };
		3C5475161FC18A7C00B93285 /* StationCell.xib in Resources */ = {isa = PBXBuildFile; fileRef = 3C5475141FC18A7C00B93285 /* StationCell.xib */; };
		3C6E061B1FBF3F5D00978C9C /* ScheduleViewController.swift in Sources */ = {isa = PBXBuildFile; fileRef = 3C6E061A1FBF3F5D00978C9C /* ScheduleViewController.swift */; };
		3C6E061D1FBF3F7600978C9C /* AboutViewController.swift in Sources */ = {isa = PBXBuildFile; fileRef = 3C6E061C1FBF3F7600978C9C /* AboutViewController.swift */; };
		3C6E061F1FBF48E900978C9C /* StationsViewController.swift in Sources */ = {isa = PBXBuildFile; fileRef = 3C6E061E1FBF48E900978C9C /* StationsViewController.swift */; };
		3CC02E311FBDCA0900B2BAF9 /* AppDelegate.swift in Sources */ = {isa = PBXBuildFile; fileRef = 3CC02E301FBDCA0900B2BAF9 /* AppDelegate.swift */; };
		3CC02E361FBDCA0900B2BAF9 /* Main.storyboard in Resources */ = {isa = PBXBuildFile; fileRef = 3CC02E341FBDCA0900B2BAF9 /* Main.storyboard */; };
		3CC02E391FBDCA0900B2BAF9 /* TutuTestProject.xcdatamodeld in Sources */ = {isa = PBXBuildFile; fileRef = 3CC02E371FBDCA0900B2BAF9 /* TutuTestProject.xcdatamodeld */; };
		3CC02E3B1FBDCA0900B2BAF9 /* Assets.xcassets in Resources */ = {isa = PBXBuildFile; fileRef = 3CC02E3A1FBDCA0900B2BAF9 /* Assets.xcassets */; };
		3CC02E3E1FBDCA0900B2BAF9 /* LaunchScreen.storyboard in Resources */ = {isa = PBXBuildFile; fileRef = 3CC02E3C1FBDCA0900B2BAF9 /* LaunchScreen.storyboard */; };
		3CC02E491FBDCA0900B2BAF9 /* TutuTestProjectTests.swift in Sources */ = {isa = PBXBuildFile; fileRef = 3CC02E481FBDCA0900B2BAF9 /* TutuTestProjectTests.swift */; };
		3CC02E541FBDCA0900B2BAF9 /* TutuTestProjectUITests.swift in Sources */ = {isa = PBXBuildFile; fileRef = 3CC02E531FBDCA0900B2BAF9 /* TutuTestProjectUITests.swift */; };
		3CC02E671FBDD6F700B2BAF9 /* allStations.json in Resources */ = {isa = PBXBuildFile; fileRef = 3CC02E661FBDD6F700B2BAF9 /* allStations.json */; };
		3CC02E691FBDF6E300B2BAF9 /* Station.swift in Sources */ = {isa = PBXBuildFile; fileRef = 3CC02E681FBDF6E300B2BAF9 /* Station.swift */; };
		3CC02E6B1FBDF6ED00B2BAF9 /* City.swift in Sources */ = {isa = PBXBuildFile; fileRef = 3CC02E6A1FBDF6ED00B2BAF9 /* City.swift */; };
		3CC02E6D1FBDF73300B2BAF9 /* PointCoordinates.swift in Sources */ = {isa = PBXBuildFile; fileRef = 3CC02E6C1FBDF73300B2BAF9 /* PointCoordinates.swift */; };
		3CC02E701FBDF7CE00B2BAF9 /* DataManager.swift in Sources */ = {isa = PBXBuildFile; fileRef = 3CC02E6F1FBDF7CE00B2BAF9 /* DataManager.swift */; };
		3CDA773A1FC0977C008E9743 /* StationDetailsViewController.swift in Sources */ = {isa = PBXBuildFile; fileRef = 3CDA77391FC0977C008E9743 /* StationDetailsViewController.swift */; };
/* End PBXBuildFile section */

/* Begin PBXContainerItemProxy section */
		3CC02E451FBDCA0900B2BAF9 /* PBXContainerItemProxy */ = {
			isa = PBXContainerItemProxy;
			containerPortal = 3CC02E251FBDCA0900B2BAF9 /* Project object */;
			proxyType = 1;
			remoteGlobalIDString = 3CC02E2C1FBDCA0900B2BAF9;
			remoteInfo = TutuTestProject;
		};
		3CC02E501FBDCA0900B2BAF9 /* PBXContainerItemProxy */ = {
			isa = PBXContainerItemProxy;
			containerPortal = 3CC02E251FBDCA0900B2BAF9 /* Project object */;
			proxyType = 1;
			remoteGlobalIDString = 3CC02E2C1FBDCA0900B2BAF9;
			remoteInfo = TutuTestProject;
		};
/* End PBXContainerItemProxy section */

/* Begin PBXFileReference section */
		3C5475131FC18A7C00B93285 /* StationCell.swift */ = {isa = PBXFileReference; lastKnownFileType = sourcecode.swift; path = StationCell.swift; sourceTree = "<group>"; };
		3C5475141FC18A7C00B93285 /* StationCell.xib */ = {isa = PBXFileReference; lastKnownFileType = file.xib; path = StationCell.xib; sourceTree = "<group>"; };
		3C6E061A1FBF3F5D00978C9C /* ScheduleViewController.swift */ = {isa = PBXFileReference; lastKnownFileType = sourcecode.swift; path = ScheduleViewController.swift; sourceTree = "<group>"; };
		3C6E061C1FBF3F7600978C9C /* AboutViewController.swift */ = {isa = PBXFileReference; lastKnownFileType = sourcecode.swift; path = AboutViewController.swift; sourceTree = "<group>"; };
		3C6E061E1FBF48E900978C9C /* StationsViewController.swift */ = {isa = PBXFileReference; lastKnownFileType = sourcecode.swift; path = StationsViewController.swift; sourceTree = "<group>"; };
		3CC02E2D1FBDCA0900B2BAF9 /* TutuTestProject.app */ = {isa = PBXFileReference; explicitFileType = wrapper.application; includeInIndex = 0; path = TutuTestProject.app; sourceTree = BUILT_PRODUCTS_DIR; };
		3CC02E301FBDCA0900B2BAF9 /* AppDelegate.swift */ = {isa = PBXFileReference; lastKnownFileType = sourcecode.swift; path = AppDelegate.swift; sourceTree = "<group>"; };
		3CC02E351FBDCA0900B2BAF9 /* Base */ = {isa = PBXFileReference; lastKnownFileType = file.storyboard; name = Base; path = Base.lproj/Main.storyboard; sourceTree = "<group>"; };
		3CC02E381FBDCA0900B2BAF9 /* TutuTestProject.xcdatamodel */ = {isa = PBXFileReference; lastKnownFileType = wrapper.xcdatamodel; path = TutuTestProject.xcdatamodel; sourceTree = "<group>"; };
		3CC02E3A1FBDCA0900B2BAF9 /* Assets.xcassets */ = {isa = PBXFileReference; lastKnownFileType = folder.assetcatalog; path = Assets.xcassets; sourceTree = "<group>"; };
		3CC02E3D1FBDCA0900B2BAF9 /* Base */ = {isa = PBXFileReference; lastKnownFileType = file.storyboard; name = Base; path = Base.lproj/LaunchScreen.storyboard; sourceTree = "<group>"; };
		3CC02E3F1FBDCA0900B2BAF9 /* Info.plist */ = {isa = PBXFileReference; lastKnownFileType = text.plist.xml; path = Info.plist; sourceTree = "<group>"; };
		3CC02E441FBDCA0900B2BAF9 /* TutuTestProjectTests.xctest */ = {isa = PBXFileReference; explicitFileType = wrapper.cfbundle; includeInIndex = 0; path = TutuTestProjectTests.xctest; sourceTree = BUILT_PRODUCTS_DIR; };
		3CC02E481FBDCA0900B2BAF9 /* TutuTestProjectTests.swift */ = {isa = PBXFileReference; lastKnownFileType = sourcecode.swift; path = TutuTestProjectTests.swift; sourceTree = "<group>"; };
		3CC02E4A1FBDCA0900B2BAF9 /* Info.plist */ = {isa = PBXFileReference; lastKnownFileType = text.plist.xml; path = Info.plist; sourceTree = "<group>"; };
		3CC02E4F1FBDCA0900B2BAF9 /* TutuTestProjectUITests.xctest */ = {isa = PBXFileReference; explicitFileType = wrapper.cfbundle; includeInIndex = 0; path = TutuTestProjectUITests.xctest; sourceTree = BUILT_PRODUCTS_DIR; };
		3CC02E531FBDCA0900B2BAF9 /* TutuTestProjectUITests.swift */ = {isa = PBXFileReference; lastKnownFileType = sourcecode.swift; path = TutuTestProjectUITests.swift; sourceTree = "<group>"; };
		3CC02E551FBDCA0900B2BAF9 /* Info.plist */ = {isa = PBXFileReference; lastKnownFileType = text.plist.xml; path = Info.plist; sourceTree = "<group>"; };
		3CC02E661FBDD6F700B2BAF9 /* allStations.json */ = {isa = PBXFileReference; fileEncoding = 4; lastKnownFileType = text.json; path = allStations.json; sourceTree = "<group>"; };
		3CC02E681FBDF6E300B2BAF9 /* Station.swift */ = {isa = PBXFileReference; lastKnownFileType = sourcecode.swift; path = Station.swift; sourceTree = "<group>"; };
		3CC02E6A1FBDF6ED00B2BAF9 /* City.swift */ = {isa = PBXFileReference; lastKnownFileType = sourcecode.swift; path = City.swift; sourceTree = "<group>"; };
		3CC02E6C1FBDF73300B2BAF9 /* PointCoordinates.swift */ = {isa = PBXFileReference; lastKnownFileType = sourcecode.swift; path = PointCoordinates.swift; sourceTree = "<group>"; };
		3CC02E6F1FBDF7CE00B2BAF9 /* DataManager.swift */ = {isa = PBXFileReference; lastKnownFileType = sourcecode.swift; path = DataManager.swift; sourceTree = "<group>"; };
		3CDA77391FC0977C008E9743 /* StationDetailsViewController.swift */ = {isa = PBXFileReference; lastKnownFileType = sourcecode.swift; path = StationDetailsViewController.swift; sourceTree = "<group>"; };
/* End PBXFileReference section */

/* Begin PBXFrameworksBuildPhase section */
		3CC02E2A1FBDCA0900B2BAF9 /* Frameworks */ = {
			isa = PBXFrameworksBuildPhase;
			buildActionMask = 2147483647;
			files = (
			);
			runOnlyForDeploymentPostprocessing = 0;
		};
		3CC02E411FBDCA0900B2BAF9 /* Frameworks */ = {
			isa = PBXFrameworksBuildPhase;
			buildActionMask = 2147483647;
			files = (
			);
			runOnlyForDeploymentPostprocessing = 0;
		};
		3CC02E4C1FBDCA0900B2BAF9 /* Frameworks */ = {
			isa = PBXFrameworksBuildPhase;
			buildActionMask = 2147483647;
			files = (
			);
			runOnlyForDeploymentPostprocessing = 0;
		};
/* End PBXFrameworksBuildPhase section */

/* Begin PBXGroup section */
		3C6E06191FBF3F3D00978C9C /* Controller */ = {
			isa = PBXGroup;
			children = (
				3C6E061A1FBF3F5D00978C9C /* ScheduleViewController.swift */,
				3C6E061C1FBF3F7600978C9C /* AboutViewController.swift */,
				3C6E061E1FBF48E900978C9C /* StationsViewController.swift */,
				3CDA77391FC0977C008E9743 /* StationDetailsViewController.swift */,
			);
			path = Controller;
			sourceTree = "<group>";
		};
		3C6E06201FBF49D400978C9C /* VIew */ = {
			isa = PBXGroup;
			children = (
				3C6E06211FBF49DA00978C9C /* Cell */,
			);
			path = VIew;
			sourceTree = "<group>";
		};
		3C6E06211FBF49DA00978C9C /* Cell */ = {
			isa = PBXGroup;
			children = (
				3C6E06221FBF49DF00978C9C /* TableView */,
			);
			path = Cell;
			sourceTree = "<group>";
		};
		3C6E06221FBF49DF00978C9C /* TableView */ = {
			isa = PBXGroup;
			children = (
				3C5475131FC18A7C00B93285 /* StationCell.swift */,
				3C5475141FC18A7C00B93285 /* StationCell.xib */,
			);
			path = TableView;
			sourceTree = "<group>";
		};
		3CC02E241FBDCA0900B2BAF9 = {
			isa = PBXGroup;
			children = (
				3CC02E2F1FBDCA0900B2BAF9 /* TutuTestProject */,
				3CC02E471FBDCA0900B2BAF9 /* TutuTestProjectTests */,
				3CC02E521FBDCA0900B2BAF9 /* TutuTestProjectUITests */,
				3CC02E2E1FBDCA0900B2BAF9 /* Products */,
			);
			sourceTree = "<group>";
		};
		3CC02E2E1FBDCA0900B2BAF9 /* Products */ = {
			isa = PBXGroup;
			children = (
				3CC02E2D1FBDCA0900B2BAF9 /* TutuTestProject.app */,
				3CC02E441FBDCA0900B2BAF9 /* TutuTestProjectTests.xctest */,
				3CC02E4F1FBDCA0900B2BAF9 /* TutuTestProjectUITests.xctest */,
			);
			name = Products;
			sourceTree = "<group>";
		};
		3CC02E2F1FBDCA0900B2BAF9 /* TutuTestProject */ = {
			isa = PBXGroup;
			children = (
				3C6E06201FBF49D400978C9C /* VIew */,
				3C6E06191FBF3F3D00978C9C /* Controller */,
				3CC02E6E1FBDF7BF00B2BAF9 /* Helper */,
				3CC02E611FBDD16000B2BAF9 /* Model */,
				3CC02E301FBDCA0900B2BAF9 /* AppDelegate.swift */,
				3CC02E341FBDCA0900B2BAF9 /* Main.storyboard */,
				3CC02E3A1FBDCA0900B2BAF9 /* Assets.xcassets */,
				3CC02E3C1FBDCA0900B2BAF9 /* LaunchScreen.storyboard */,
				3CC02E3F1FBDCA0900B2BAF9 /* Info.plist */,
				3CC02E371FBDCA0900B2BAF9 /* TutuTestProject.xcdatamodeld */,
			);
			path = TutuTestProject;
			sourceTree = "<group>";
		};
		3CC02E471FBDCA0900B2BAF9 /* TutuTestProjectTests */ = {
			isa = PBXGroup;
			children = (
				3CC02E481FBDCA0900B2BAF9 /* TutuTestProjectTests.swift */,
				3CC02E4A1FBDCA0900B2BAF9 /* Info.plist */,
			);
			path = TutuTestProjectTests;
			sourceTree = "<group>";
		};
		3CC02E521FBDCA0900B2BAF9 /* TutuTestProjectUITests */ = {
			isa = PBXGroup;
			children = (
				3CC02E531FBDCA0900B2BAF9 /* TutuTestProjectUITests.swift */,
				3CC02E551FBDCA0900B2BAF9 /* Info.plist */,
			);
			path = TutuTestProjectUITests;
			sourceTree = "<group>";
		};
		3CC02E611FBDD16000B2BAF9 /* Model */ = {
			isa = PBXGroup;
			children = (
				3CC02E661FBDD6F700B2BAF9 /* allStations.json */,
				3CC02E681FBDF6E300B2BAF9 /* Station.swift */,
				3CC02E6A1FBDF6ED00B2BAF9 /* City.swift */,
				3CC02E6C1FBDF73300B2BAF9 /* PointCoordinates.swift */,
			);
			path = Model;
			sourceTree = "<group>";
		};
		3CC02E6E1FBDF7BF00B2BAF9 /* Helper */ = {
			isa = PBXGroup;
			children = (
				3CC02E6F1FBDF7CE00B2BAF9 /* DataManager.swift */,
			);
			path = Helper;
			sourceTree = "<group>";
		};
/* End PBXGroup section */

/* Begin PBXNativeTarget section */
		3CC02E2C1FBDCA0900B2BAF9 /* TutuTestProject */ = {
			isa = PBXNativeTarget;
			buildConfigurationList = 3CC02E581FBDCA0900B2BAF9 /* Build configuration list for PBXNativeTarget "TutuTestProject" */;
			buildPhases = (
				3CC02E291FBDCA0900B2BAF9 /* Sources */,
				3CC02E2A1FBDCA0900B2BAF9 /* Frameworks */,
				3CC02E2B1FBDCA0900B2BAF9 /* Resources */,
			);
			buildRules = (
			);
			dependencies = (
			);
			name = TutuTestProject;
			productName = TutuTestProject;
			productReference = 3CC02E2D1FBDCA0900B2BAF9 /* TutuTestProject.app */;
			productType = "com.apple.product-type.application";
		};
		3CC02E431FBDCA0900B2BAF9 /* TutuTestProjectTests */ = {
			isa = PBXNativeTarget;
			buildConfigurationList = 3CC02E5B1FBDCA0900B2BAF9 /* Build configuration list for PBXNativeTarget "TutuTestProjectTests" */;
			buildPhases = (
				3CC02E401FBDCA0900B2BAF9 /* Sources */,
				3CC02E411FBDCA0900B2BAF9 /* Frameworks */,
				3CC02E421FBDCA0900B2BAF9 /* Resources */,
			);
			buildRules = (
			);
			dependencies = (
				3CC02E461FBDCA0900B2BAF9 /* PBXTargetDependency */,
			);
			name = TutuTestProjectTests;
			productName = TutuTestProjectTests;
			productReference = 3CC02E441FBDCA0900B2BAF9 /* TutuTestProjectTests.xctest */;
			productType = "com.apple.product-type.bundle.unit-test";
		};
		3CC02E4E1FBDCA0900B2BAF9 /* TutuTestProjectUITests */ = {
			isa = PBXNativeTarget;
			buildConfigurationList = 3CC02E5E1FBDCA0900B2BAF9 /* Build configuration list for PBXNativeTarget "TutuTestProjectUITests" */;
			buildPhases = (
				3CC02E4B1FBDCA0900B2BAF9 /* Sources */,
				3CC02E4C1FBDCA0900B2BAF9 /* Frameworks */,
				3CC02E4D1FBDCA0900B2BAF9 /* Resources */,
			);
			buildRules = (
			);
			dependencies = (
				3CC02E511FBDCA0900B2BAF9 /* PBXTargetDependency */,
			);
			name = TutuTestProjectUITests;
			productName = TutuTestProjectUITests;
			productReference = 3CC02E4F1FBDCA0900B2BAF9 /* TutuTestProjectUITests.xctest */;
			productType = "com.apple.product-type.bundle.ui-testing";
		};
/* End PBXNativeTarget section */

/* Begin PBXProject section */
		3CC02E251FBDCA0900B2BAF9 /* Project object */ = {
			isa = PBXProject;
			attributes = {
				LastSwiftUpdateCheck = 0900;
				LastUpgradeCheck = 0900;
				ORGANIZATIONNAME = DanilovDev;
				TargetAttributes = {
					3CC02E2C1FBDCA0900B2BAF9 = {
						CreatedOnToolsVersion = 9.0;
						ProvisioningStyle = Automatic;
					};
					3CC02E431FBDCA0900B2BAF9 = {
						CreatedOnToolsVersion = 9.0;
						ProvisioningStyle = Automatic;
						TestTargetID = 3CC02E2C1FBDCA0900B2BAF9;
					};
					3CC02E4E1FBDCA0900B2BAF9 = {
						CreatedOnToolsVersion = 9.0;
						ProvisioningStyle = Automatic;
						TestTargetID = 3CC02E2C1FBDCA0900B2BAF9;
					};
				};
			};
			buildConfigurationList = 3CC02E281FBDCA0900B2BAF9 /* Build configuration list for PBXProject "TutuTestProject" */;
			compatibilityVersion = "Xcode 8.0";
			developmentRegion = en;
			hasScannedForEncodings = 0;
			knownRegions = (
				en,
				Base,
			);
			mainGroup = 3CC02E241FBDCA0900B2BAF9;
			productRefGroup = 3CC02E2E1FBDCA0900B2BAF9 /* Products */;
			projectDirPath = "";
			projectRoot = "";
			targets = (
				3CC02E2C1FBDCA0900B2BAF9 /* TutuTestProject */,
				3CC02E431FBDCA0900B2BAF9 /* TutuTestProjectTests */,
				3CC02E4E1FBDCA0900B2BAF9 /* TutuTestProjectUITests */,
			);
		};
/* End PBXProject section */

/* Begin PBXResourcesBuildPhase section */
		3CC02E2B1FBDCA0900B2BAF9 /* Resources */ = {
			isa = PBXResourcesBuildPhase;
			buildActionMask = 2147483647;
			files = (
				3CC02E3E1FBDCA0900B2BAF9 /* LaunchScreen.storyboard in Resources */,
				3CC02E3B1FBDCA0900B2BAF9 /* Assets.xcassets in Resources */,
				3C5475161FC18A7C00B93285 /* StationCell.xib in Resources */,
				3CC02E671FBDD6F700B2BAF9 /* allStations.json in Resources */,
				3CC02E361FBDCA0900B2BAF9 /* Main.storyboard in Resources */,
			);
			runOnlyForDeploymentPostprocessing = 0;
		};
		3CC02E421FBDCA0900B2BAF9 /* Resources */ = {
			isa = PBXResourcesBuildPhase;
			buildActionMask = 2147483647;
			files = (
			);
			runOnlyForDeploymentPostprocessing = 0;
		};
		3CC02E4D1FBDCA0900B2BAF9 /* Resources */ = {
			isa = PBXResourcesBuildPhase;
			buildActionMask = 2147483647;
			files = (
			);
			runOnlyForDeploymentPostprocessing = 0;
		};
/* End PBXResourcesBuildPhase section */

/* Begin PBXSourcesBuildPhase section */
		3CC02E291FBDCA0900B2BAF9 /* Sources */ = {
			isa = PBXSourcesBuildPhase;
			buildActionMask = 2147483647;
			files = (
				3CC02E6D1FBDF73300B2BAF9 /* PointCoordinates.swift in Sources */,
				3C6E061F1FBF48E900978C9C /* StationsViewController.swift in Sources */,
				3CC02E701FBDF7CE00B2BAF9 /* DataManager.swift in Sources */,
				3C5475151FC18A7C00B93285 /* StationCell.swift in Sources */,
				3CC02E391FBDCA0900B2BAF9 /* TutuTestProject.xcdatamodeld in Sources */,
				3CDA773A1FC0977C008E9743 /* StationDetailsViewController.swift in Sources */,
				3C6E061D1FBF3F7600978C9C /* AboutViewController.swift in Sources */,
				3CC02E691FBDF6E300B2BAF9 /* Station.swift in Sources */,
				3CC02E6B1FBDF6ED00B2BAF9 /* City.swift in Sources */,
				3CC02E311FBDCA0900B2BAF9 /* AppDelegate.swift in Sources */,
				3C6E061B1FBF3F5D00978C9C /* ScheduleViewController.swift in Sources */,
			);
			runOnlyForDeploymentPostprocessing = 0;
		};
		3CC02E401FBDCA0900B2BAF9 /* Sources */ = {
			isa = PBXSourcesBuildPhase;
			buildActionMask = 2147483647;
			files = (
				3CC02E491FBDCA0900B2BAF9 /* TutuTestProjectTests.swift in Sources */,
			);
			runOnlyForDeploymentPostprocessing = 0;
		};
		3CC02E4B1FBDCA0900B2BAF9 /* Sources */ = {
			isa = PBXSourcesBuildPhase;
			buildActionMask = 2147483647;
			files = (
				3CC02E541FBDCA0900B2BAF9 /* TutuTestProjectUITests.swift in Sources */,
			);
			runOnlyForDeploymentPostprocessing = 0;
		};
/* End PBXSourcesBuildPhase section */

/* Begin PBXTargetDependency section */
		3CC02E461FBDCA0900B2BAF9 /* PBXTargetDependency */ = {
			isa = PBXTargetDependency;
			target = 3CC02E2C1FBDCA0900B2BAF9 /* TutuTestProject */;
			targetProxy = 3CC02E451FBDCA0900B2BAF9 /* PBXContainerItemProxy */;
		};
		3CC02E511FBDCA0900B2BAF9 /* PBXTargetDependency */ = {
			isa = PBXTargetDependency;
			target = 3CC02E2C1FBDCA0900B2BAF9 /* TutuTestProject */;
			targetProxy = 3CC02E501FBDCA0900B2BAF9 /* PBXContainerItemProxy */;
		};
/* End PBXTargetDependency section */

/* Begin PBXVariantGroup section */
		3CC02E341FBDCA0900B2BAF9 /* Main.storyboard */ = {
			isa = PBXVariantGroup;
			children = (
				3CC02E351FBDCA0900B2BAF9 /* Base */,
			);
			name = Main.storyboard;
			sourceTree = "<group>";
		};
		3CC02E3C1FBDCA0900B2BAF9 /* LaunchScreen.storyboard */ = {
			isa = PBXVariantGroup;
			children = (
				3CC02E3D1FBDCA0900B2BAF9 /* Base */,
			);
			name = LaunchScreen.storyboard;
			sourceTree = "<group>";
		};
/* End PBXVariantGroup section */

/* Begin XCBuildConfiguration section */
		3CC02E561FBDCA0900B2BAF9 /* Debug */ = {
			isa = XCBuildConfiguration;
			buildSettings = {
				ALWAYS_SEARCH_USER_PATHS = NO;
				CLANG_ANALYZER_NONNULL = YES;
				CLANG_ANALYZER_NUMBER_OBJECT_CONVERSION = YES_AGGRESSIVE;
				CLANG_CXX_LANGUAGE_STANDARD = "gnu++14";
				CLANG_CXX_LIBRARY = "libc++";
				CLANG_ENABLE_MODULES = YES;
				CLANG_ENABLE_OBJC_ARC = YES;
				CLANG_WARN_BLOCK_CAPTURE_AUTORELEASING = YES;
				CLANG_WARN_BOOL_CONVERSION = YES;
				CLANG_WARN_COMMA = YES;
				CLANG_WARN_CONSTANT_CONVERSION = YES;
				CLANG_WARN_DIRECT_OBJC_ISA_USAGE = YES_ERROR;
				CLANG_WARN_DOCUMENTATION_COMMENTS = YES;
				CLANG_WARN_EMPTY_BODY = YES;
				CLANG_WARN_ENUM_CONVERSION = YES;
				CLANG_WARN_INFINITE_RECURSION = YES;
				CLANG_WARN_INT_CONVERSION = YES;
				CLANG_WARN_NON_LITERAL_NULL_CONVERSION = YES;
				CLANG_WARN_OBJC_LITERAL_CONVERSION = YES;
				CLANG_WARN_OBJC_ROOT_CLASS = YES_ERROR;
				CLANG_WARN_RANGE_LOOP_ANALYSIS = YES;
				CLANG_WARN_STRICT_PROTOTYPES = YES;
				CLANG_WARN_SUSPICIOUS_MOVE = YES;
				CLANG_WARN_UNGUARDED_AVAILABILITY = YES_AGGRESSIVE;
				CLANG_WARN_UNREACHABLE_CODE = YES;
				CLANG_WARN__DUPLICATE_METHOD_MATCH = YES;
				CODE_SIGN_IDENTITY = "iPhone Developer";
				COPY_PHASE_STRIP = NO;
				DEBUG_INFORMATION_FORMAT = dwarf;
				ENABLE_STRICT_OBJC_MSGSEND = YES;
				ENABLE_TESTABILITY = YES;
				GCC_C_LANGUAGE_STANDARD = gnu11;
				GCC_DYNAMIC_NO_PIC = NO;
				GCC_NO_COMMON_BLOCKS = YES;
				GCC_OPTIMIZATION_LEVEL = 0;
				GCC_PREPROCESSOR_DEFINITIONS = (
					"DEBUG=1",
					"$(inherited)",
				);
				GCC_WARN_64_TO_32_BIT_CONVERSION = YES;
				GCC_WARN_ABOUT_RETURN_TYPE = YES_ERROR;
				GCC_WARN_UNDECLARED_SELECTOR = YES;
				GCC_WARN_UNINITIALIZED_AUTOS = YES_AGGRESSIVE;
				GCC_WARN_UNUSED_FUNCTION = YES;
				GCC_WARN_UNUSED_VARIABLE = YES;
				IPHONEOS_DEPLOYMENT_TARGET = 11.0;
				MTL_ENABLE_DEBUG_INFO = YES;
				ONLY_ACTIVE_ARCH = YES;
				SDKROOT = iphoneos;
				SWIFT_ACTIVE_COMPILATION_CONDITIONS = DEBUG;
				SWIFT_OPTIMIZATION_LEVEL = "-Onone";
			};
			name = Debug;
		};
		3CC02E571FBDCA0900B2BAF9 /* Release */ = {
			isa = XCBuildConfiguration;
			buildSettings = {
				ALWAYS_SEARCH_USER_PATHS = NO;
				CLANG_ANALYZER_NONNULL = YES;
				CLANG_ANALYZER_NUMBER_OBJECT_CONVERSION = YES_AGGRESSIVE;
				CLANG_CXX_LANGUAGE_STANDARD = "gnu++14";
				CLANG_CXX_LIBRARY = "libc++";
				CLANG_ENABLE_MODULES = YES;
				CLANG_ENABLE_OBJC_ARC = YES;
				CLANG_WARN_BLOCK_CAPTURE_AUTORELEASING = YES;
				CLANG_WARN_BOOL_CONVERSION = YES;
				CLANG_WARN_COMMA = YES;
				CLANG_WARN_CONSTANT_CONVERSION = YES;
				CLANG_WARN_DIRECT_OBJC_ISA_USAGE = YES_ERROR;
				CLANG_WARN_DOCUMENTATION_COMMENTS = YES;
				CLANG_WARN_EMPTY_BODY = YES;
				CLANG_WARN_ENUM_CONVERSION = YES;
				CLANG_WARN_INFINITE_RECURSION = YES;
				CLANG_WARN_INT_CONVERSION = YES;
				CLANG_WARN_NON_LITERAL_NULL_CONVERSION = YES;
				CLANG_WARN_OBJC_LITERAL_CONVERSION = YES;
				CLANG_WARN_OBJC_ROOT_CLASS = YES_ERROR;
				CLANG_WARN_RANGE_LOOP_ANALYSIS = YES;
				CLANG_WARN_STRICT_PROTOTYPES = YES;
				CLANG_WARN_SUSPICIOUS_MOVE = YES;
				CLANG_WARN_UNGUARDED_AVAILABILITY = YES_AGGRESSIVE;
				CLANG_WARN_UNREACHABLE_CODE = YES;
				CLANG_WARN__DUPLICATE_METHOD_MATCH = YES;
				CODE_SIGN_IDENTITY = "iPhone Developer";
				COPY_PHASE_STRIP = NO;
				DEBUG_INFORMATION_FORMAT = "dwarf-with-dsym";
				ENABLE_NS_ASSERTIONS = NO;
				ENABLE_STRICT_OBJC_MSGSEND = YES;
				GCC_C_LANGUAGE_STANDARD = gnu11;
				GCC_NO_COMMON_BLOCKS = YES;
				GCC_WARN_64_TO_32_BIT_CONVERSION = YES;
				GCC_WARN_ABOUT_RETURN_TYPE = YES_ERROR;
				GCC_WARN_UNDECLARED_SELECTOR = YES;
				GCC_WARN_UNINITIALIZED_AUTOS = YES_AGGRESSIVE;
				GCC_WARN_UNUSED_FUNCTION = YES;
				GCC_WARN_UNUSED_VARIABLE = YES;
				IPHONEOS_DEPLOYMENT_TARGET = 11.0;
				MTL_ENABLE_DEBUG_INFO = NO;
				SDKROOT = iphoneos;
				SWIFT_OPTIMIZATION_LEVEL = "-Owholemodule";
				VALIDATE_PRODUCT = YES;
			};
			name = Release;
		};
		3CC02E591FBDCA0900B2BAF9 /* Debug */ = {
			isa = XCBuildConfiguration;
			buildSettings = {
				ASSETCATALOG_COMPILER_APPICON_NAME = AppIcon;
				CODE_SIGN_STYLE = Automatic;
				DEVELOPMENT_TEAM = G9F5S24X43;
				INFOPLIST_FILE = TutuTestProject/Info.plist;
				LD_RUNPATH_SEARCH_PATHS = "$(inherited) @executable_path/Frameworks";
				PRODUCT_BUNDLE_IDENTIFIER = com.danilovdev.TutuTestProject;
				PRODUCT_NAME = "$(TARGET_NAME)";
				SWIFT_VERSION = 4.0;
				TARGETED_DEVICE_FAMILY = "1,2";
			};
			name = Debug;
		};
		3CC02E5A1FBDCA0900B2BAF9 /* Release */ = {
			isa = XCBuildConfiguration;
			buildSettings = {
				ASSETCATALOG_COMPILER_APPICON_NAME = AppIcon;
				CODE_SIGN_STYLE = Automatic;
				DEVELOPMENT_TEAM = G9F5S24X43;
				INFOPLIST_FILE = TutuTestProject/Info.plist;
				LD_RUNPATH_SEARCH_PATHS = "$(inherited) @executable_path/Frameworks";
				PRODUCT_BUNDLE_IDENTIFIER = com.danilovdev.TutuTestProject;
				PRODUCT_NAME = "$(TARGET_NAME)";
				SWIFT_VERSION = 4.0;
				TARGETED_DEVICE_FAMILY = "1,2";
			};
			name = Release;
		};
		3CC02E5C1FBDCA0900B2BAF9 /* Debug */ = {
			isa = XCBuildConfiguration;
			buildSettings = {
				ALWAYS_EMBED_SWIFT_STANDARD_LIBRARIES = YES;
				BUNDLE_LOADER = "$(TEST_HOST)";
				CODE_SIGN_STYLE = Automatic;
				DEVELOPMENT_TEAM = G9F5S24X43;
				INFOPLIST_FILE = TutuTestProjectTests/Info.plist;
				LD_RUNPATH_SEARCH_PATHS = "$(inherited) @executable_path/Frameworks @loader_path/Frameworks";
				PRODUCT_BUNDLE_IDENTIFIER = com.danilovdev.TutuTestProjectTests;
				PRODUCT_NAME = "$(TARGET_NAME)";
				SWIFT_VERSION = 4.0;
				TARGETED_DEVICE_FAMILY = "1,2";
				TEST_HOST = "$(BUILT_PRODUCTS_DIR)/TutuTestProject.app/TutuTestProject";
			};
			name = Debug;
		};
		3CC02E5D1FBDCA0900B2BAF9 /* Release */ = {
			isa = XCBuildConfiguration;
			buildSettings = {
				ALWAYS_EMBED_SWIFT_STANDARD_LIBRARIES = YES;
				BUNDLE_LOADER = "$(TEST_HOST)";
				CODE_SIGN_STYLE = Automatic;
				DEVELOPMENT_TEAM = G9F5S24X43;
				INFOPLIST_FILE = TutuTestProjectTests/Info.plist;
				LD_RUNPATH_SEARCH_PATHS = "$(inherited) @executable_path/Frameworks @loader_path/Frameworks";
				PRODUCT_BUNDLE_IDENTIFIER = com.danilovdev.TutuTestProjectTests;
				PRODUCT_NAME = "$(TARGET_NAME)";
				SWIFT_VERSION = 4.0;
				TARGETED_DEVICE_FAMILY = "1,2";
				TEST_HOST = "$(BUILT_PRODUCTS_DIR)/TutuTestProject.app/TutuTestProject";
			};
			name = Release;
		};
		3CC02E5F1FBDCA0900B2BAF9 /* Debug */ = {
			isa = XCBuildConfiguration;
			buildSettings = {
				ALWAYS_EMBED_SWIFT_STANDARD_LIBRARIES = YES;
				CODE_SIGN_STYLE = Automatic;
				DEVELOPMENT_TEAM = G9F5S24X43;
				INFOPLIST_FILE = TutuTestProjectUITests/Info.plist;
				LD_RUNPATH_SEARCH_PATHS = "$(inherited) @executable_path/Frameworks @loader_path/Frameworks";
				PRODUCT_BUNDLE_IDENTIFIER = com.danilovdev.TutuTestProjectUITests;
				PRODUCT_NAME = "$(TARGET_NAME)";
				SWIFT_VERSION = 4.0;
				TARGETED_DEVICE_FAMILY = "1,2";
				TEST_TARGET_NAME = TutuTestProject;
			};
			name = Debug;
		};
		3CC02E601FBDCA0900B2BAF9 /* Release */ = {
			isa = XCBuildConfiguration;
			buildSettings = {
				ALWAYS_EMBED_SWIFT_STANDARD_LIBRARIES = YES;
				CODE_SIGN_STYLE = Automatic;
				DEVELOPMENT_TEAM = G9F5S24X43;
				INFOPLIST_FILE = TutuTestProjectUITests/Info.plist;
				LD_RUNPATH_SEARCH_PATHS = "$(inherited) @executable_path/Frameworks @loader_path/Frameworks";
				PRODUCT_BUNDLE_IDENTIFIER = com.danilovdev.TutuTestProjectUITests;
				PRODUCT_NAME = "$(TARGET_NAME)";
				SWIFT_VERSION = 4.0;
				TARGETED_DEVICE_FAMILY = "1,2";
				TEST_TARGET_NAME = TutuTestProject;
			};
			name = Release;
		};
/* End XCBuildConfiguration section */

/* Begin XCConfigurationList section */
		3CC02E281FBDCA0900B2BAF9 /* Build configuration list for PBXProject "TutuTestProject" */ = {
			isa = XCConfigurationList;
			buildConfigurations = (
				3CC02E561FBDCA0900B2BAF9 /* Debug */,
				3CC02E571FBDCA0900B2BAF9 /* Release */,
			);
			defaultConfigurationIsVisible = 0;
			defaultConfigurationName = Release;
		};
		3CC02E581FBDCA0900B2BAF9 /* Build configuration list for PBXNativeTarget "TutuTestProject" */ = {
			isa = XCConfigurationList;
			buildConfigurations = (
				3CC02E591FBDCA0900B2BAF9 /* Debug */,
				3CC02E5A1FBDCA0900B2BAF9 /* Release */,
			);
			defaultConfigurationIsVisible = 0;
			defaultConfigurationName = Release;
		};
		3CC02E5B1FBDCA0900B2BAF9 /* Build configuration list for PBXNativeTarget "TutuTestProjectTests" */ = {
			isa = XCConfigurationList;
			buildConfigurations = (
				3CC02E5C1FBDCA0900B2BAF9 /* Debug */,
				3CC02E5D1FBDCA0900B2BAF9 /* Release */,
			);
			defaultConfigurationIsVisible = 0;
			defaultConfigurationName = Release;
		};
		3CC02E5E1FBDCA0900B2BAF9 /* Build configuration list for PBXNativeTarget "TutuTestProjectUITests" */ = {
			isa = XCConfigurationList;
			buildConfigurations = (
				3CC02E5F1FBDCA0900B2BAF9 /* Debug */,
				3CC02E601FBDCA0900B2BAF9 /* Release */,
			);
			defaultConfigurationIsVisible = 0;
			defaultConfigurationName = Release;
		};
/* End XCConfigurationList section */

/* Begin XCVersionGroup section */
		3CC02E371FBDCA0900B2BAF9 /* TutuTestProject.xcdatamodeld */ = {
			isa = XCVersionGroup;
			children = (
				3CC02E381FBDCA0900B2BAF9 /* TutuTestProject.xcdatamodel */,
			);
			currentVersion = 3CC02E381FBDCA0900B2BAF9 /* TutuTestProject.xcdatamodel */;
			path = TutuTestProject.xcdatamodeld;
			sourceTree = "<group>";
			versionGroupType = wrapper.xcdatamodel;
		};
/* End XCVersionGroup section */
	};
	rootObject = 3CC02E251FBDCA0900B2BAF9 /* Project object */;
}
