// !$*UTF8*$!
{
	archiveVersion = 1;
	classes = {
	};
	objectVersion = 48;
	objects = {

/* Begin PBXBuildFile section */
		1090B704EC793CD2DB01D8FC /* Pods_TutuTestProjectUITests.framework in Frameworks */ = {isa = PBXBuildFile; fileRef = 84D1E7C6E40526D4D039FB16 /* Pods_TutuTestProjectUITests.framework */; };
		16803841F129266C5CC88AD6 /* Pods_TutuTestProjectTests.framework in Frameworks */ = {isa = PBXBuildFile; fileRef = 0754DF8E83A42796608AF166 /* Pods_TutuTestProjectTests.framework */; };
		3C37F3011FCC627800D650EA /* ResultsViewController.swift in Sources */ = {isa = PBXBuildFile; fileRef = 3C37F3001FCC627800D650EA /* ResultsViewController.swift */; };
		3C37F3041FCC699D00D650EA /* StationsTableFooter.swift in Sources */ = {isa = PBXBuildFile; fileRef = 3C37F3031FCC699D00D650EA /* StationsTableFooter.swift */; };
		3C6E061B1FBF3F5D00978C9C /* ScheduleViewController.swift in Sources */ = {isa = PBXBuildFile; fileRef = 3C6E061A1FBF3F5D00978C9C /* ScheduleViewController.swift */; };
		3C6E061D1FBF3F7600978C9C /* AboutViewController.swift in Sources */ = {isa = PBXBuildFile; fileRef = 3C6E061C1FBF3F7600978C9C /* AboutViewController.swift */; };
		3C6E061F1FBF48E900978C9C /* StationsViewController.swift in Sources */ = {isa = PBXBuildFile; fileRef = 3C6E061E1FBF48E900978C9C /* StationsViewController.swift */; };
		3C85119320553CB50080A55A /* Constants.swift in Sources */ = {isa = PBXBuildFile; fileRef = 3C85119220553CB50080A55A /* Constants.swift */; };
		3C85119520553EE90080A55A /* CoreDataManager.swift in Sources */ = {isa = PBXBuildFile; fileRef = 3C85119420553EE90080A55A /* CoreDataManager.swift */; };
		3CB380AA1FD12AAD004C6E2C /* StationCell.swift in Sources */ = {isa = PBXBuildFile; fileRef = 3CB380A81FD12AAD004C6E2C /* StationCell.swift */; };
		3CB380AB1FD12AAD004C6E2C /* StationCell.xib in Resources */ = {isa = PBXBuildFile; fileRef = 3CB380A91FD12AAD004C6E2C /* StationCell.xib */; };
		3CB380AE1FD13336004C6E2C /* StationDetailsCell.swift in Sources */ = {isa = PBXBuildFile; fileRef = 3CB380AC1FD13336004C6E2C /* StationDetailsCell.swift */; };
		3CB380AF1FD13336004C6E2C /* StationDetailsCell.xib in Resources */ = {isa = PBXBuildFile; fileRef = 3CB380AD1FD13336004C6E2C /* StationDetailsCell.xib */; };
		3CC02E311FBDCA0900B2BAF9 /* AppDelegate.swift in Sources */ = {isa = PBXBuildFile; fileRef = 3CC02E301FBDCA0900B2BAF9 /* AppDelegate.swift */; };
		3CC02E3B1FBDCA0900B2BAF9 /* Assets.xcassets in Resources */ = {isa = PBXBuildFile; fileRef = 3CC02E3A1FBDCA0900B2BAF9 /* Assets.xcassets */; };
		3CC02E3E1FBDCA0900B2BAF9 /* LaunchScreen.storyboard in Resources */ = {isa = PBXBuildFile; fileRef = 3CC02E3C1FBDCA0900B2BAF9 /* LaunchScreen.storyboard */; };
		3CC02E491FBDCA0900B2BAF9 /* TutuTestProjectTests.swift in Sources */ = {isa = PBXBuildFile; fileRef = 3CC02E481FBDCA0900B2BAF9 /* TutuTestProjectTests.swift */; };
		3CC02E541FBDCA0900B2BAF9 /* TutuTestProjectUITests.swift in Sources */ = {isa = PBXBuildFile; fileRef = 3CC02E531FBDCA0900B2BAF9 /* TutuTestProjectUITests.swift */; };
		3CC02E671FBDD6F700B2BAF9 /* allStations.json in Resources */ = {isa = PBXBuildFile; fileRef = 3CC02E661FBDD6F700B2BAF9 /* allStations.json */; };
		3CC02E701FBDF7CE00B2BAF9 /* DataManager.swift in Sources */ = {isa = PBXBuildFile; fileRef = 3CC02E6F1FBDF7CE00B2BAF9 /* DataManager.swift */; };
		3CDA773A1FC0977C008E9743 /* StationDetailsViewController.swift in Sources */ = {isa = PBXBuildFile; fileRef = 3CDA77391FC0977C008E9743 /* StationDetailsViewController.swift */; };
		3CF1111F2057DD75003A6CCA /* TutuTestProject.xcdatamodeld in Sources */ = {isa = PBXBuildFile; fileRef = 3CF1111D2057DD75003A6CCA /* TutuTestProject.xcdatamodeld */; };
		3CF1112C2057DF28003A6CCA /* DataSource+CoreDataProperties.swift in Sources */ = {isa = PBXBuildFile; fileRef = 3CF111282057DF28003A6CCA /* DataSource+CoreDataProperties.swift */; };
		3CF1112D2057DF28003A6CCA /* City+CoreDataProperties.swift in Sources */ = {isa = PBXBuildFile; fileRef = 3CF111292057DF28003A6CCA /* City+CoreDataProperties.swift */; };
		3CF1112E2057DF28003A6CCA /* DataSource+CoreDataClass.swift in Sources */ = {isa = PBXBuildFile; fileRef = 3CF1112A2057DF28003A6CCA /* DataSource+CoreDataClass.swift */; };
		3CF1112F2057DF28003A6CCA /* City+CoreDataClass.swift in Sources */ = {isa = PBXBuildFile; fileRef = 3CF1112B2057DF28003A6CCA /* City+CoreDataClass.swift */; };
		3CF111362057E83D003A6CCA /* PointCoordinates+CoreDataProperties.swift in Sources */ = {isa = PBXBuildFile; fileRef = 3CF111342057E83C003A6CCA /* PointCoordinates+CoreDataProperties.swift */; };
		3CF111372057E83D003A6CCA /* PointCoordinates+CoreDataClass.swift in Sources */ = {isa = PBXBuildFile; fileRef = 3CF111352057E83C003A6CCA /* PointCoordinates+CoreDataClass.swift */; };
		3CF1113A2057F997003A6CCA /* Station+CoreDataProperties.swift in Sources */ = {isa = PBXBuildFile; fileRef = 3CF111382057F996003A6CCA /* Station+CoreDataProperties.swift */; };
		3CF1113B2057F997003A6CCA /* Station+CoreDataClass.swift in Sources */ = {isa = PBXBuildFile; fileRef = 3CF111392057F996003A6CCA /* Station+CoreDataClass.swift */; };
		3CFE0B8D1FCDB6DA009E52FB /* UIViewControllerExtensions.swift in Sources */ = {isa = PBXBuildFile; fileRef = 3CFE0B8C1FCDB6DA009E52FB /* UIViewControllerExtensions.swift */; };
		3CFE0B901FCDCD13009E52FB /* CustomButton.swift in Sources */ = {isa = PBXBuildFile; fileRef = 3CFE0B8F1FCDCD13009E52FB /* CustomButton.swift */; };
		3CFE0B921FCE63BB009E52FB /* UIFontExtensions.swift in Sources */ = {isa = PBXBuildFile; fileRef = 3CFE0B911FCE63BB009E52FB /* UIFontExtensions.swift */; };
		AB46AC8CFBDDB9EFD651DBED /* Pods_TutuTestProject.framework in Frameworks */ = {isa = PBXBuildFile; fileRef = ACE0D9C55C6CE1F1FF97D46A /* Pods_TutuTestProject.framework */; };
/* End PBXBuildFile section */

/* Begin PBXContainerItemProxy section */
		3CC02E451FBDCA0900B2BAF9 /* PBXContainerItemProxy */ = {
			isa = PBXContainerItemProxy;
			containerPortal = 3CC02E251FBDCA0900B2BAF9 /* Project object */;
			proxyType = 1;
			remoteGlobalIDString = 3CC02E2C1FBDCA0900B2BAF9;
			remoteInfo = TutuTestProject;
		};
		3CC02E501FBDCA0900B2BAF9 /* PBXContainerItemProxy */ = {
			isa = PBXContainerItemProxy;
			containerPortal = 3CC02E251FBDCA0900B2BAF9 /* Project object */;
			proxyType = 1;
			remoteGlobalIDString = 3CC02E2C1FBDCA0900B2BAF9;
			remoteInfo = TutuTestProject;
		};
/* End PBXContainerItemProxy section */

/* Begin PBXFileReference section */
		0754DF8E83A42796608AF166 /* Pods_TutuTestProjectTests.framework */ = {isa = PBXFileReference; explicitFileType = wrapper.framework; includeInIndex = 0; path = Pods_TutuTestProjectTests.framework; sourceTree = BUILT_PRODUCTS_DIR; };
		0E01E8A601DD1D21B7259A20 /* Pods-TutuTestProjectTests.release.xcconfig */ = {isa = PBXFileReference; includeInIndex = 1; lastKnownFileType = text.xcconfig; name = "Pods-TutuTestProjectTests.release.xcconfig"; path = "Pods/Target Support Files/Pods-TutuTestProjectTests/Pods-TutuTestProjectTests.release.xcconfig"; sourceTree = "<group>"; };
		0FBCDE8C1D7800B6FBE50AE2 /* Pods-TutuTestProjectTests.debug.xcconfig */ = {isa = PBXFileReference; includeInIndex = 1; lastKnownFileType = text.xcconfig; name = "Pods-TutuTestProjectTests.debug.xcconfig"; path = "Pods/Target Support Files/Pods-TutuTestProjectTests/Pods-TutuTestProjectTests.debug.xcconfig"; sourceTree = "<group>"; };
		3C37F3001FCC627800D650EA /* ResultsViewController.swift */ = {isa = PBXFileReference; lastKnownFileType = sourcecode.swift; path = ResultsViewController.swift; sourceTree = "<group>"; };
		3C37F3031FCC699D00D650EA /* StationsTableFooter.swift */ = {isa = PBXFileReference; lastKnownFileType = sourcecode.swift; path = StationsTableFooter.swift; sourceTree = "<group>"; };
		3C6E061A1FBF3F5D00978C9C /* ScheduleViewController.swift */ = {isa = PBXFileReference; lastKnownFileType = sourcecode.swift; path = ScheduleViewController.swift; sourceTree = "<group>"; };
		3C6E061C1FBF3F7600978C9C /* AboutViewController.swift */ = {isa = PBXFileReference; lastKnownFileType = sourcecode.swift; path = AboutViewController.swift; sourceTree = "<group>"; };
		3C6E061E1FBF48E900978C9C /* StationsViewController.swift */ = {isa = PBXFileReference; lastKnownFileType = sourcecode.swift; path = StationsViewController.swift; sourceTree = "<group>"; };
		3C85119220553CB50080A55A /* Constants.swift */ = {isa = PBXFileReference; lastKnownFileType = sourcecode.swift; path = Constants.swift; sourceTree = "<group>"; };
		3C85119420553EE90080A55A /* CoreDataManager.swift */ = {isa = PBXFileReference; lastKnownFileType = sourcecode.swift; path = CoreDataManager.swift; sourceTree = "<group>"; };
		3CB380A81FD12AAD004C6E2C /* StationCell.swift */ = {isa = PBXFileReference; lastKnownFileType = sourcecode.swift; path = StationCell.swift; sourceTree = "<group>"; };
		3CB380A91FD12AAD004C6E2C /* StationCell.xib */ = {isa = PBXFileReference; lastKnownFileType = file.xib; path = StationCell.xib; sourceTree = "<group>"; };
		3CB380AC1FD13336004C6E2C /* StationDetailsCell.swift */ = {isa = PBXFileReference; lastKnownFileType = sourcecode.swift; path = StationDetailsCell.swift; sourceTree = "<group>"; };
		3CB380AD1FD13336004C6E2C /* StationDetailsCell.xib */ = {isa = PBXFileReference; lastKnownFileType = file.xib; path = StationDetailsCell.xib; sourceTree = "<group>"; };
		3CC02E2D1FBDCA0900B2BAF9 /* TutuTestProject.app */ = {isa = PBXFileReference; explicitFileType = wrapper.application; includeInIndex = 0; path = TutuTestProject.app; sourceTree = BUILT_PRODUCTS_DIR; };
		3CC02E301FBDCA0900B2BAF9 /* AppDelegate.swift */ = {isa = PBXFileReference; lastKnownFileType = sourcecode.swift; path = AppDelegate.swift; sourceTree = "<group>"; };
		3CC02E3A1FBDCA0900B2BAF9 /* Assets.xcassets */ = {isa = PBXFileReference; lastKnownFileType = folder.assetcatalog; path = Assets.xcassets; sourceTree = "<group>"; };
		3CC02E3D1FBDCA0900B2BAF9 /* Base */ = {isa = PBXFileReference; lastKnownFileType = file.storyboard; name = Base; path = Base.lproj/LaunchScreen.storyboard; sourceTree = "<group>"; };
		3CC02E3F1FBDCA0900B2BAF9 /* Info.plist */ = {isa = PBXFileReference; lastKnownFileType = text.plist.xml; path = Info.plist; sourceTree = "<group>"; };
		3CC02E441FBDCA0900B2BAF9 /* TutuTestProjectTests.xctest */ = {isa = PBXFileReference; explicitFileType = wrapper.cfbundle; includeInIndex = 0; path = TutuTestProjectTests.xctest; sourceTree = BUILT_PRODUCTS_DIR; };
		3CC02E481FBDCA0900B2BAF9 /* TutuTestProjectTests.swift */ = {isa = PBXFileReference; lastKnownFileType = sourcecode.swift; path = TutuTestProjectTests.swift; sourceTree = "<group>"; };
		3CC02E4A1FBDCA0900B2BAF9 /* Info.plist */ = {isa = PBXFileReference; lastKnownFileType = text.plist.xml; path = Info.plist; sourceTree = "<group>"; };
		3CC02E4F1FBDCA0900B2BAF9 /* TutuTestProjectUITests.xctest */ = {isa = PBXFileReference; explicitFileType = wrapper.cfbundle; includeInIndex = 0; path = TutuTestProjectUITests.xctest; sourceTree = BUILT_PRODUCTS_DIR; };
		3CC02E531FBDCA0900B2BAF9 /* TutuTestProjectUITests.swift */ = {isa = PBXFileReference; lastKnownFileType = sourcecode.swift; path = TutuTestProjectUITests.swift; sourceTree = "<group>"; };
		3CC02E551FBDCA0900B2BAF9 /* Info.plist */ = {isa = PBXFileReference; lastKnownFileType = text.plist.xml; path = Info.plist; sourceTree = "<group>"; };
		3CC02E661FBDD6F700B2BAF9 /* allStations.json */ = {isa = PBXFileReference; fileEncoding = 4; lastKnownFileType = text.json; path = allStations.json; sourceTree = "<group>"; };
		3CC02E6F1FBDF7CE00B2BAF9 /* DataManager.swift */ = {isa = PBXFileReference; lastKnownFileType = sourcecode.swift; path = DataManager.swift; sourceTree = "<group>"; };
		3CDA77391FC0977C008E9743 /* StationDetailsViewController.swift */ = {isa = PBXFileReference; lastKnownFileType = sourcecode.swift; path = StationDetailsViewController.swift; sourceTree = "<group>"; };
		3CF1111E2057DD75003A6CCA /* TutuTestProject.xcdatamodel */ = {isa = PBXFileReference; lastKnownFileType = wrapper.xcdatamodel; path = TutuTestProject.xcdatamodel; sourceTree = "<group>"; };
		3CF111282057DF28003A6CCA /* DataSource+CoreDataProperties.swift */ = {isa = PBXFileReference; fileEncoding = 4; lastKnownFileType = sourcecode.swift; path = "DataSource+CoreDataProperties.swift"; sourceTree = "<group>"; };
		3CF111292057DF28003A6CCA /* City+CoreDataProperties.swift */ = {isa = PBXFileReference; fileEncoding = 4; lastKnownFileType = sourcecode.swift; path = "City+CoreDataProperties.swift"; sourceTree = "<group>"; };
		3CF1112A2057DF28003A6CCA /* DataSource+CoreDataClass.swift */ = {isa = PBXFileReference; fileEncoding = 4; lastKnownFileType = sourcecode.swift; path = "DataSource+CoreDataClass.swift"; sourceTree = "<group>"; };
		3CF1112B2057DF28003A6CCA /* City+CoreDataClass.swift */ = {isa = PBXFileReference; fileEncoding = 4; lastKnownFileType = sourcecode.swift; path = "City+CoreDataClass.swift"; sourceTree = "<group>"; };
		3CF111342057E83C003A6CCA /* PointCoordinates+CoreDataProperties.swift */ = {isa = PBXFileReference; lastKnownFileType = sourcecode.swift; name = "PointCoordinates+CoreDataProperties.swift"; path = "/Users/alexeydanilov/Documents/work/danilovdev/TutuTestProject/TutuTestProject/Model/PointCoordinates+CoreDataProperties.swift"; sourceTree = "<absolute>"; };
		3CF111352057E83C003A6CCA /* PointCoordinates+CoreDataClass.swift */ = {isa = PBXFileReference; lastKnownFileType = sourcecode.swift; name = "PointCoordinates+CoreDataClass.swift"; path = "/Users/alexeydanilov/Documents/work/danilovdev/TutuTestProject/TutuTestProject/Model/PointCoordinates+CoreDataClass.swift"; sourceTree = "<absolute>"; };
		3CF111382057F996003A6CCA /* Station+CoreDataProperties.swift */ = {isa = PBXFileReference; lastKnownFileType = sourcecode.swift; name = "Station+CoreDataProperties.swift"; path = "/Users/alexeydanilov/Documents/work/danilovdev/TutuTestProject/TutuTestProject/Model/Station+CoreDataProperties.swift"; sourceTree = "<absolute>"; };
		3CF111392057F996003A6CCA /* Station+CoreDataClass.swift */ = {isa = PBXFileReference; lastKnownFileType = sourcecode.swift; name = "Station+CoreDataClass.swift"; path = "/Users/alexeydanilov/Documents/work/danilovdev/TutuTestProject/TutuTestProject/Model/Station+CoreDataClass.swift"; sourceTree = "<absolute>"; };
		3CFE0B8C1FCDB6DA009E52FB /* UIViewControllerExtensions.swift */ = {isa = PBXFileReference; lastKnownFileType = sourcecode.swift; path = UIViewControllerExtensions.swift; sourceTree = "<group>"; };
		3CFE0B8F1FCDCD13009E52FB /* CustomButton.swift */ = {isa = PBXFileReference; lastKnownFileType = sourcecode.swift; path = CustomButton.swift; sourceTree = "<group>"; };
		3CFE0B911FCE63BB009E52FB /* UIFontExtensions.swift */ = {isa = PBXFileReference; lastKnownFileType = sourcecode.swift; path = UIFontExtensions.swift; sourceTree = "<group>"; };
		59DBD1F5B774F11B0BB40780 /* Pods-TutuTestProjectUITests.debug.xcconfig */ = {isa = PBXFileReference; includeInIndex = 1; lastKnownFileType = text.xcconfig; name = "Pods-TutuTestProjectUITests.debug.xcconfig"; path = "Pods/Target Support Files/Pods-TutuTestProjectUITests/Pods-TutuTestProjectUITests.debug.xcconfig"; sourceTree = "<group>"; };
		84D1E7C6E40526D4D039FB16 /* Pods_TutuTestProjectUITests.framework */ = {isa = PBXFileReference; explicitFileType = wrapper.framework; includeInIndex = 0; path = Pods_TutuTestProjectUITests.framework; sourceTree = BUILT_PRODUCTS_DIR; };
		8DCD15586B20B792FBFB7213 /* Pods-TutuTestProject.release.xcconfig */ = {isa = PBXFileReference; includeInIndex = 1; lastKnownFileType = text.xcconfig; name = "Pods-TutuTestProject.release.xcconfig"; path = "Pods/Target Support Files/Pods-TutuTestProject/Pods-TutuTestProject.release.xcconfig"; sourceTree = "<group>"; };
		ACE0D9C55C6CE1F1FF97D46A /* Pods_TutuTestProject.framework */ = {isa = PBXFileReference; explicitFileType = wrapper.framework; includeInIndex = 0; path = Pods_TutuTestProject.framework; sourceTree = BUILT_PRODUCTS_DIR; };
		D800895CC7A47E4A98432108 /* Pods-TutuTestProject.debug.xcconfig */ = {isa = PBXFileReference; includeInIndex = 1; lastKnownFileType = text.xcconfig; name = "Pods-TutuTestProject.debug.xcconfig"; path = "Pods/Target Support Files/Pods-TutuTestProject/Pods-TutuTestProject.debug.xcconfig"; sourceTree = "<group>"; };
		E15FBB3192C25FCE4992C2F1 /* Pods-TutuTestProjectUITests.release.xcconfig */ = {isa = PBXFileReference; includeInIndex = 1; lastKnownFileType = text.xcconfig; name = "Pods-TutuTestProjectUITests.release.xcconfig"; path = "Pods/Target Support Files/Pods-TutuTestProjectUITests/Pods-TutuTestProjectUITests.release.xcconfig"; sourceTree = "<group>"; };
/* End PBXFileReference section */

/* Begin PBXFrameworksBuildPhase section */
		3CC02E2A1FBDCA0900B2BAF9 /* Frameworks */ = {
			isa = PBXFrameworksBuildPhase;
			buildActionMask = 2147483647;
			files = (
				AB46AC8CFBDDB9EFD651DBED /* Pods_TutuTestProject.framework in Frameworks */,
			);
			runOnlyForDeploymentPostprocessing = 0;
		};
		3CC02E411FBDCA0900B2BAF9 /* Frameworks */ = {
			isa = PBXFrameworksBuildPhase;
			buildActionMask = 2147483647;
			files = (
				16803841F129266C5CC88AD6 /* Pods_TutuTestProjectTests.framework in Frameworks */,
			);
			runOnlyForDeploymentPostprocessing = 0;
		};
		3CC02E4C1FBDCA0900B2BAF9 /* Frameworks */ = {
			isa = PBXFrameworksBuildPhase;
			buildActionMask = 2147483647;
			files = (
				1090B704EC793CD2DB01D8FC /* Pods_TutuTestProjectUITests.framework in Frameworks */,
			);
			runOnlyForDeploymentPostprocessing = 0;
		};
/* End PBXFrameworksBuildPhase section */

/* Begin PBXGroup section */
		395A3DA75DEE0FB76C3D8C1B /* Pods */ = {
			isa = PBXGroup;
			children = (
				D800895CC7A47E4A98432108 /* Pods-TutuTestProject.debug.xcconfig */,
				8DCD15586B20B792FBFB7213 /* Pods-TutuTestProject.release.xcconfig */,
				0FBCDE8C1D7800B6FBE50AE2 /* Pods-TutuTestProjectTests.debug.xcconfig */,
				0E01E8A601DD1D21B7259A20 /* Pods-TutuTestProjectTests.release.xcconfig */,
				59DBD1F5B774F11B0BB40780 /* Pods-TutuTestProjectUITests.debug.xcconfig */,
				E15FBB3192C25FCE4992C2F1 /* Pods-TutuTestProjectUITests.release.xcconfig */,
			);
			name = Pods;
			sourceTree = "<group>";
		};
		3C37F3021FCC698A00D650EA /* Custom */ = {
			isa = PBXGroup;
			children = (
				3C37F3031FCC699D00D650EA /* StationsTableFooter.swift */,
			);
			path = Custom;
			sourceTree = "<group>";
		};
		3C6E06191FBF3F3D00978C9C /* Controller */ = {
			isa = PBXGroup;
			children = (
				3C6E061A1FBF3F5D00978C9C /* ScheduleViewController.swift */,
				3C6E061C1FBF3F7600978C9C /* AboutViewController.swift */,
				3C6E061E1FBF48E900978C9C /* StationsViewController.swift */,
				3CDA77391FC0977C008E9743 /* StationDetailsViewController.swift */,
				3C37F3001FCC627800D650EA /* ResultsViewController.swift */,
			);
			path = Controller;
			sourceTree = "<group>";
		};
		3C6E06201FBF49D400978C9C /* VIew */ = {
			isa = PBXGroup;
			children = (
				3CFE0B8E1FCDCD04009E52FB /* Buttons */,
				3C37F3021FCC698A00D650EA /* Custom */,
				3C6E06211FBF49DA00978C9C /* Cell */,
			);
			path = VIew;
			sourceTree = "<group>";
		};
		3C6E06211FBF49DA00978C9C /* Cell */ = {
			isa = PBXGroup;
			children = (
				3C6E06221FBF49DF00978C9C /* TableView */,
			);
			path = Cell;
			sourceTree = "<group>";
		};
		3C6E06221FBF49DF00978C9C /* TableView */ = {
			isa = PBXGroup;
			children = (
				3CB380A81FD12AAD004C6E2C /* StationCell.swift */,
				3CB380A91FD12AAD004C6E2C /* StationCell.xib */,
				3CB380AC1FD13336004C6E2C /* StationDetailsCell.swift */,
				3CB380AD1FD13336004C6E2C /* StationDetailsCell.xib */,
			);
			path = TableView;
			sourceTree = "<group>";
		};
		3C85119120553CA30080A55A /* Constants */ = {
			isa = PBXGroup;
			children = (
				3C85119220553CB50080A55A /* Constants.swift */,
			);
			path = Constants;
			sourceTree = "<group>";
		};
		3CC02E241FBDCA0900B2BAF9 = {
			isa = PBXGroup;
			children = (
				3CC02E2F1FBDCA0900B2BAF9 /* TutuTestProject */,
				3CC02E471FBDCA0900B2BAF9 /* TutuTestProjectTests */,
				3CC02E521FBDCA0900B2BAF9 /* TutuTestProjectUITests */,
				3CC02E2E1FBDCA0900B2BAF9 /* Products */,
				395A3DA75DEE0FB76C3D8C1B /* Pods */,
				822056AF989B06594B4BE8F7 /* Frameworks */,
			);
			sourceTree = "<group>";
		};
		3CC02E2E1FBDCA0900B2BAF9 /* Products */ = {
			isa = PBXGroup;
			children = (
				3CC02E2D1FBDCA0900B2BAF9 /* TutuTestProject.app */,
				3CC02E441FBDCA0900B2BAF9 /* TutuTestProjectTests.xctest */,
				3CC02E4F1FBDCA0900B2BAF9 /* TutuTestProjectUITests.xctest */,
			);
			name = Products;
			sourceTree = "<group>";
		};
		3CC02E2F1FBDCA0900B2BAF9 /* TutuTestProject */ = {
			isa = PBXGroup;
			children = (
				3C85119120553CA30080A55A /* Constants */,
				3CFE0B8B1FCDB6C3009E52FB /* Extensions */,
				3C6E06201FBF49D400978C9C /* VIew */,
				3C6E06191FBF3F3D00978C9C /* Controller */,
				3CC02E6E1FBDF7BF00B2BAF9 /* Helper */,
				3CC02E611FBDD16000B2BAF9 /* Model */,
				3CC02E301FBDCA0900B2BAF9 /* AppDelegate.swift */,
				3CC02E3A1FBDCA0900B2BAF9 /* Assets.xcassets */,
				3CC02E3C1FBDCA0900B2BAF9 /* LaunchScreen.storyboard */,
				3CC02E3F1FBDCA0900B2BAF9 /* Info.plist */,
				3CF1111D2057DD75003A6CCA /* TutuTestProject.xcdatamodeld */,
			);
			path = TutuTestProject;
			sourceTree = "<group>";
		};
		3CC02E471FBDCA0900B2BAF9 /* TutuTestProjectTests */ = {
			isa = PBXGroup;
			children = (
				3CC02E481FBDCA0900B2BAF9 /* TutuTestProjectTests.swift */,
				3CC02E4A1FBDCA0900B2BAF9 /* Info.plist */,
			);
			path = TutuTestProjectTests;
			sourceTree = "<group>";
		};
		3CC02E521FBDCA0900B2BAF9 /* TutuTestProjectUITests */ = {
			isa = PBXGroup;
			children = (
				3CC02E531FBDCA0900B2BAF9 /* TutuTestProjectUITests.swift */,
				3CC02E551FBDCA0900B2BAF9 /* Info.plist */,
			);
			path = TutuTestProjectUITests;
			sourceTree = "<group>";
		};
		3CC02E611FBDD16000B2BAF9 /* Model */ = {
			isa = PBXGroup;
			children = (
				3CF111392057F996003A6CCA /* Station+CoreDataClass.swift */,
				3CF111382057F996003A6CCA /* Station+CoreDataProperties.swift */,
				3CF111352057E83C003A6CCA /* PointCoordinates+CoreDataClass.swift */,
				3CF111342057E83C003A6CCA /* PointCoordinates+CoreDataProperties.swift */,
				3CF1112B2057DF28003A6CCA /* City+CoreDataClass.swift */,
				3CF111292057DF28003A6CCA /* City+CoreDataProperties.swift */,
				3CF1112A2057DF28003A6CCA /* DataSource+CoreDataClass.swift */,
				3CF111282057DF28003A6CCA /* DataSource+CoreDataProperties.swift */,
				3CC02E661FBDD6F700B2BAF9 /* allStations.json */,
			);
			path = Model;
			sourceTree = "<group>";
		};
		3CC02E6E1FBDF7BF00B2BAF9 /* Helper */ = {
			isa = PBXGroup;
			children = (
				3CC02E6F1FBDF7CE00B2BAF9 /* DataManager.swift */,
				3C85119420553EE90080A55A /* CoreDataManager.swift */,
			);
			path = Helper;
			sourceTree = "<group>";
		};
		3CFE0B8B1FCDB6C3009E52FB /* Extensions */ = {
			isa = PBXGroup;
			children = (
				3CFE0B8C1FCDB6DA009E52FB /* UIViewControllerExtensions.swift */,
				3CFE0B911FCE63BB009E52FB /* UIFontExtensions.swift */,
			);
			path = Extensions;
			sourceTree = "<group>";
		};
		3CFE0B8E1FCDCD04009E52FB /* Buttons */ = {
			isa = PBXGroup;
			children = (
				3CFE0B8F1FCDCD13009E52FB /* CustomButton.swift */,
			);
			path = Buttons;
			sourceTree = "<group>";
		};
		822056AF989B06594B4BE8F7 /* Frameworks */ = {
			isa = PBXGroup;
			children = (
				ACE0D9C55C6CE1F1FF97D46A /* Pods_TutuTestProject.framework */,
				0754DF8E83A42796608AF166 /* Pods_TutuTestProjectTests.framework */,
				84D1E7C6E40526D4D039FB16 /* Pods_TutuTestProjectUITests.framework */,
			);
			name = Frameworks;
			sourceTree = "<group>";
		};
/* End PBXGroup section */

/* Begin PBXNativeTarget section */
		3CC02E2C1FBDCA0900B2BAF9 /* TutuTestProject */ = {
			isa = PBXNativeTarget;
			buildConfigurationList = 3CC02E581FBDCA0900B2BAF9 /* Build configuration list for PBXNativeTarget "TutuTestProject" */;
			buildPhases = (
				BF2092495EBD9E440724E793 /* [CP] Check Pods Manifest.lock */,
				3CC02E291FBDCA0900B2BAF9 /* Sources */,
				3CC02E2A1FBDCA0900B2BAF9 /* Frameworks */,
				3CC02E2B1FBDCA0900B2BAF9 /* Resources */,
				4585D5D552E2B4D227C3F90F /* [CP] Embed Pods Frameworks */,
				6B22F51952AEB23CFE8F1291 /* [CP] Copy Pods Resources */,
			);
			buildRules = (
			);
			dependencies = (
			);
			name = TutuTestProject;
			productName = TutuTestProject;
			productReference = 3CC02E2D1FBDCA0900B2BAF9 /* TutuTestProject.app */;
			productType = "com.apple.product-type.application";
		};
		3CC02E431FBDCA0900B2BAF9 /* TutuTestProjectTests */ = {
			isa = PBXNativeTarget;
			buildConfigurationList = 3CC02E5B1FBDCA0900B2BAF9 /* Build configuration list for PBXNativeTarget "TutuTestProjectTests" */;
			buildPhases = (
				C12CADA691AC70DA8DA77BA5 /* [CP] Check Pods Manifest.lock */,
				3CC02E401FBDCA0900B2BAF9 /* Sources */,
				3CC02E411FBDCA0900B2BAF9 /* Frameworks */,
				3CC02E421FBDCA0900B2BAF9 /* Resources */,
				E1D961A7466AE5202E979F9D /* [CP] Embed Pods Frameworks */,
				087561A0E4E09D8D64AF42D3 /* [CP] Copy Pods Resources */,
			);
			buildRules = (
			);
			dependencies = (
				3CC02E461FBDCA0900B2BAF9 /* PBXTargetDependency */,
			);
			name = TutuTestProjectTests;
			productName = TutuTestProjectTests;
			productReference = 3CC02E441FBDCA0900B2BAF9 /* TutuTestProjectTests.xctest */;
			productType = "com.apple.product-type.bundle.unit-test";
		};
		3CC02E4E1FBDCA0900B2BAF9 /* TutuTestProjectUITests */ = {
			isa = PBXNativeTarget;
			buildConfigurationList = 3CC02E5E1FBDCA0900B2BAF9 /* Build configuration list for PBXNativeTarget "TutuTestProjectUITests" */;
			buildPhases = (
				C301628323F1C9614706F1DD /* [CP] Check Pods Manifest.lock */,
				3CC02E4B1FBDCA0900B2BAF9 /* Sources */,
				3CC02E4C1FBDCA0900B2BAF9 /* Frameworks */,
				3CC02E4D1FBDCA0900B2BAF9 /* Resources */,
				4BD105B118D4BED8A834D7FE /* [CP] Embed Pods Frameworks */,
				3FD50CF2576F87FE38533A79 /* [CP] Copy Pods Resources */,
			);
			buildRules = (
			);
			dependencies = (
				3CC02E511FBDCA0900B2BAF9 /* PBXTargetDependency */,
			);
			name = TutuTestProjectUITests;
			productName = TutuTestProjectUITests;
			productReference = 3CC02E4F1FBDCA0900B2BAF9 /* TutuTestProjectUITests.xctest */;
			productType = "com.apple.product-type.bundle.ui-testing";
		};
/* End PBXNativeTarget section */

/* Begin PBXProject section */
		3CC02E251FBDCA0900B2BAF9 /* Project object */ = {
			isa = PBXProject;
			attributes = {
				LastSwiftUpdateCheck = 0900;
				LastUpgradeCheck = 0900;
				ORGANIZATIONNAME = DanilovDev;
				TargetAttributes = {
					3CC02E2C1FBDCA0900B2BAF9 = {
						CreatedOnToolsVersion = 9.0;
						ProvisioningStyle = Automatic;
					};
					3CC02E431FBDCA0900B2BAF9 = {
						CreatedOnToolsVersion = 9.0;
						ProvisioningStyle = Automatic;
						TestTargetID = 3CC02E2C1FBDCA0900B2BAF9;
					};
					3CC02E4E1FBDCA0900B2BAF9 = {
						CreatedOnToolsVersion = 9.0;
						ProvisioningStyle = Automatic;
						TestTargetID = 3CC02E2C1FBDCA0900B2BAF9;
					};
				};
			};
			buildConfigurationList = 3CC02E281FBDCA0900B2BAF9 /* Build configuration list for PBXProject "TutuTestProject" */;
			compatibilityVersion = "Xcode 8.0";
			developmentRegion = en;
			hasScannedForEncodings = 0;
			knownRegions = (
				en,
				Base,
			);
			mainGroup = 3CC02E241FBDCA0900B2BAF9;
			productRefGroup = 3CC02E2E1FBDCA0900B2BAF9 /* Products */;
			projectDirPath = "";
			projectRoot = "";
			targets = (
				3CC02E2C1FBDCA0900B2BAF9 /* TutuTestProject */,
				3CC02E431FBDCA0900B2BAF9 /* TutuTestProjectTests */,
				3CC02E4E1FBDCA0900B2BAF9 /* TutuTestProjectUITests */,
			);
		};
/* End PBXProject section */

/* Begin PBXResourcesBuildPhase section */
		3CC02E2B1FBDCA0900B2BAF9 /* Resources */ = {
			isa = PBXResourcesBuildPhase;
			buildActionMask = 2147483647;
			files = (
				3CB380AB1FD12AAD004C6E2C /* StationCell.xib in Resources */,
				3CC02E3E1FBDCA0900B2BAF9 /* LaunchScreen.storyboard in Resources */,
				3CC02E3B1FBDCA0900B2BAF9 /* Assets.xcassets in Resources */,
				3CC02E671FBDD6F700B2BAF9 /* allStations.json in Resources */,
				3CB380AF1FD13336004C6E2C /* StationDetailsCell.xib in Resources */,
			);
			runOnlyForDeploymentPostprocessing = 0;
		};
		3CC02E421FBDCA0900B2BAF9 /* Resources */ = {
			isa = PBXResourcesBuildPhase;
			buildActionMask = 2147483647;
			files = (
			);
			runOnlyForDeploymentPostprocessing = 0;
		};
		3CC02E4D1FBDCA0900B2BAF9 /* Resources */ = {
			isa = PBXResourcesBuildPhase;
			buildActionMask = 2147483647;
			files = (
			);
			runOnlyForDeploymentPostprocessing = 0;
		};
/* End PBXResourcesBuildPhase section */

/* Begin PBXShellScriptBuildPhase section */
		087561A0E4E09D8D64AF42D3 /* [CP] Copy Pods Resources */ = {
			isa = PBXShellScriptBuildPhase;
			buildActionMask = 2147483647;
			files = (
			);
			inputPaths = (
			);
			name = "[CP] Copy Pods Resources";
			outputPaths = (
			);
			runOnlyForDeploymentPostprocessing = 0;
			shellPath = /bin/sh;
			shellScript = "\"${SRCROOT}/Pods/Target Support Files/Pods-TutuTestProjectTests/Pods-TutuTestProjectTests-resources.sh\"\n";
			showEnvVarsInLog = 0;
		};
		3FD50CF2576F87FE38533A79 /* [CP] Copy Pods Resources */ = {
			isa = PBXShellScriptBuildPhase;
			buildActionMask = 2147483647;
			files = (
			);
			inputPaths = (
			);
			name = "[CP] Copy Pods Resources";
			outputPaths = (
			);
			runOnlyForDeploymentPostprocessing = 0;
			shellPath = /bin/sh;
			shellScript = "\"${SRCROOT}/Pods/Target Support Files/Pods-TutuTestProjectUITests/Pods-TutuTestProjectUITests-resources.sh\"\n";
			showEnvVarsInLog = 0;
		};
		4585D5D552E2B4D227C3F90F /* [CP] Embed Pods Frameworks */ = {
			isa = PBXShellScriptBuildPhase;
			buildActionMask = 2147483647;
			files = (
			);
			inputPaths = (
				"${SRCROOT}/Pods/Target Support Files/Pods-TutuTestProject/Pods-TutuTestProject-frameworks.sh",
				"${BUILT_PRODUCTS_DIR}/Alamofire/Alamofire.framework",
				"${BUILT_PRODUCTS_DIR}/AlamofireImage/AlamofireImage.framework",
			);
			name = "[CP] Embed Pods Frameworks";
			outputPaths = (
				"${TARGET_BUILD_DIR}/${FRAMEWORKS_FOLDER_PATH}/Alamofire.framework",
				"${TARGET_BUILD_DIR}/${FRAMEWORKS_FOLDER_PATH}/AlamofireImage.framework",
			);
			runOnlyForDeploymentPostprocessing = 0;
			shellPath = /bin/sh;
			shellScript = "\"${SRCROOT}/Pods/Target Support Files/Pods-TutuTestProject/Pods-TutuTestProject-frameworks.sh\"\n";
			showEnvVarsInLog = 0;
		};
		4BD105B118D4BED8A834D7FE /* [CP] Embed Pods Frameworks */ = {
			isa = PBXShellScriptBuildPhase;
			buildActionMask = 2147483647;
			files = (
			);
			inputPaths = (
			);
			name = "[CP] Embed Pods Frameworks";
			outputPaths = (
			);
			runOnlyForDeploymentPostprocessing = 0;
			shellPath = /bin/sh;
			shellScript = "\"${SRCROOT}/Pods/Target Support Files/Pods-TutuTestProjectUITests/Pods-TutuTestProjectUITests-frameworks.sh\"\n";
			showEnvVarsInLog = 0;
		};
		6B22F51952AEB23CFE8F1291 /* [CP] Copy Pods Resources */ = {
			isa = PBXShellScriptBuildPhase;
			buildActionMask = 2147483647;
			files = (
			);
			inputPaths = (
			);
			name = "[CP] Copy Pods Resources";
			outputPaths = (
			);
			runOnlyForDeploymentPostprocessing = 0;
			shellPath = /bin/sh;
			shellScript = "\"${SRCROOT}/Pods/Target Support Files/Pods-TutuTestProject/Pods-TutuTestProject-resources.sh\"\n";
			showEnvVarsInLog = 0;
		};
		BF2092495EBD9E440724E793 /* [CP] Check Pods Manifest.lock */ = {
			isa = PBXShellScriptBuildPhase;
			buildActionMask = 2147483647;
			files = (
			);
			inputPaths = (
				"${PODS_PODFILE_DIR_PATH}/Podfile.lock",
				"${PODS_ROOT}/Manifest.lock",
			);
			name = "[CP] Check Pods Manifest.lock";
			outputPaths = (
				"$(DERIVED_FILE_DIR)/Pods-TutuTestProject-checkManifestLockResult.txt",
			);
			runOnlyForDeploymentPostprocessing = 0;
			shellPath = /bin/sh;
			shellScript = "diff \"${PODS_PODFILE_DIR_PATH}/Podfile.lock\" \"${PODS_ROOT}/Manifest.lock\" > /dev/null\nif [ $? != 0 ] ; then\n    # print error to STDERR\n    echo \"error: The sandbox is not in sync with the Podfile.lock. Run 'pod install' or update your CocoaPods installation.\" >&2\n    exit 1\nfi\n# This output is used by Xcode 'outputs' to avoid re-running this script phase.\necho \"SUCCESS\" > \"${SCRIPT_OUTPUT_FILE_0}\"\n";
			showEnvVarsInLog = 0;
		};
		C12CADA691AC70DA8DA77BA5 /* [CP] Check Pods Manifest.lock */ = {
			isa = PBXShellScriptBuildPhase;
			buildActionMask = 2147483647;
			files = (
			);
			inputPaths = (
				"${PODS_PODFILE_DIR_PATH}/Podfile.lock",
				"${PODS_ROOT}/Manifest.lock",
			);
			name = "[CP] Check Pods Manifest.lock";
			outputPaths = (
				"$(DERIVED_FILE_DIR)/Pods-TutuTestProjectTests-checkManifestLockResult.txt",
			);
			runOnlyForDeploymentPostprocessing = 0;
			shellPath = /bin/sh;
			shellScript = "diff \"${PODS_PODFILE_DIR_PATH}/Podfile.lock\" \"${PODS_ROOT}/Manifest.lock\" > /dev/null\nif [ $? != 0 ] ; then\n    # print error to STDERR\n    echo \"error: The sandbox is not in sync with the Podfile.lock. Run 'pod install' or update your CocoaPods installation.\" >&2\n    exit 1\nfi\n# This output is used by Xcode 'outputs' to avoid re-running this script phase.\necho \"SUCCESS\" > \"${SCRIPT_OUTPUT_FILE_0}\"\n";
			showEnvVarsInLog = 0;
		};
		C301628323F1C9614706F1DD /* [CP] Check Pods Manifest.lock */ = {
			isa = PBXShellScriptBuildPhase;
			buildActionMask = 2147483647;
			files = (
			);
			inputPaths = (
				"${PODS_PODFILE_DIR_PATH}/Podfile.lock",
				"${PODS_ROOT}/Manifest.lock",
			);
			name = "[CP] Check Pods Manifest.lock";
			outputPaths = (
				"$(DERIVED_FILE_DIR)/Pods-TutuTestProjectUITests-checkManifestLockResult.txt",
			);
			runOnlyForDeploymentPostprocessing = 0;
			shellPath = /bin/sh;
			shellScript = "diff \"${PODS_PODFILE_DIR_PATH}/Podfile.lock\" \"${PODS_ROOT}/Manifest.lock\" > /dev/null\nif [ $? != 0 ] ; then\n    # print error to STDERR\n    echo \"error: The sandbox is not in sync with the Podfile.lock. Run 'pod install' or update your CocoaPods installation.\" >&2\n    exit 1\nfi\n# This output is used by Xcode 'outputs' to avoid re-running this script phase.\necho \"SUCCESS\" > \"${SCRIPT_OUTPUT_FILE_0}\"\n";
			showEnvVarsInLog = 0;
		};
		E1D961A7466AE5202E979F9D /* [CP] Embed Pods Frameworks */ = {
			isa = PBXShellScriptBuildPhase;
			buildActionMask = 2147483647;
			files = (
			);
			inputPaths = (
			);
			name = "[CP] Embed Pods Frameworks";
			outputPaths = (
			);
			runOnlyForDeploymentPostprocessing = 0;
			shellPath = /bin/sh;
			shellScript = "\"${SRCROOT}/Pods/Target Support Files/Pods-TutuTestProjectTests/Pods-TutuTestProjectTests-frameworks.sh\"\n";
			showEnvVarsInLog = 0;
		};
/* End PBXShellScriptBuildPhase section */

/* Begin PBXSourcesBuildPhase section */
		3CC02E291FBDCA0900B2BAF9 /* Sources */ = {
			isa = PBXSourcesBuildPhase;
			buildActionMask = 2147483647;
			files = (
				3CF111372057E83D003A6CCA /* PointCoordinates+CoreDataClass.swift in Sources */,
				3CB380AE1FD13336004C6E2C /* StationDetailsCell.swift in Sources */,
				3C6E061F1FBF48E900978C9C /* StationsViewController.swift in Sources */,
				3CF1112C2057DF28003A6CCA /* DataSource+CoreDataProperties.swift in Sources */,
				3C85119520553EE90080A55A /* CoreDataManager.swift in Sources */,
				3CF111362057E83D003A6CCA /* PointCoordinates+CoreDataProperties.swift in Sources */,
				3CF1112F2057DF28003A6CCA /* City+CoreDataClass.swift in Sources */,
				3CC02E701FBDF7CE00B2BAF9 /* DataManager.swift in Sources */,
				3C37F3041FCC699D00D650EA /* StationsTableFooter.swift in Sources */,
				3CFE0B921FCE63BB009E52FB /* UIFontExtensions.swift in Sources */,
				3CFE0B8D1FCDB6DA009E52FB /* UIViewControllerExtensions.swift in Sources */,
				3CDA773A1FC0977C008E9743 /* StationDetailsViewController.swift in Sources */,
				3C6E061D1FBF3F7600978C9C /* AboutViewController.swift in Sources */,
				3CF1113A2057F997003A6CCA /* Station+CoreDataProperties.swift in Sources */,
				3CF1112D2057DF28003A6CCA /* City+CoreDataProperties.swift in Sources */,
				3CC02E311FBDCA0900B2BAF9 /* AppDelegate.swift in Sources */,
				3C6E061B1FBF3F5D00978C9C /* ScheduleViewController.swift in Sources */,
				3C37F3011FCC627800D650EA /* ResultsViewController.swift in Sources */,
				3CB380AA1FD12AAD004C6E2C /* StationCell.swift in Sources */,
				3CF1111F2057DD75003A6CCA /* TutuTestProject.xcdatamodeld in Sources */,
				3CF1113B2057F997003A6CCA /* Station+CoreDataClass.swift in Sources */,
				3CFE0B901FCDCD13009E52FB /* CustomButton.swift in Sources */,
				3CF1112E2057DF28003A6CCA /* DataSource+CoreDataClass.swift in Sources */,
				3C85119320553CB50080A55A /* Constants.swift in Sources */,
			);
			runOnlyForDeploymentPostprocessing = 0;
		};
		3CC02E401FBDCA0900B2BAF9 /* Sources */ = {
			isa = PBXSourcesBuildPhase;
			buildActionMask = 2147483647;
			files = (
				3CC02E491FBDCA0900B2BAF9 /* TutuTestProjectTests.swift in Sources */,
			);
			runOnlyForDeploymentPostprocessing = 0;
		};
		3CC02E4B1FBDCA0900B2BAF9 /* Sources */ = {
			isa = PBXSourcesBuildPhase;
			buildActionMask = 2147483647;
			files = (
				3CC02E541FBDCA0900B2BAF9 /* TutuTestProjectUITests.swift in Sources */,
			);
			runOnlyForDeploymentPostprocessing = 0;
		};
/* End PBXSourcesBuildPhase section */

/* Begin PBXTargetDependency section */
		3CC02E461FBDCA0900B2BAF9 /* PBXTargetDependency */ = {
			isa = PBXTargetDependency;
			target = 3CC02E2C1FBDCA0900B2BAF9 /* TutuTestProject */;
			targetProxy = 3CC02E451FBDCA0900B2BAF9 /* PBXContainerItemProxy */;
		};
		3CC02E511FBDCA0900B2BAF9 /* PBXTargetDependency */ = {
			isa = PBXTargetDependency;
			target = 3CC02E2C1FBDCA0900B2BAF9 /* TutuTestProject */;
			targetProxy = 3CC02E501FBDCA0900B2BAF9 /* PBXContainerItemProxy */;
		};
/* End PBXTargetDependency section */

/* Begin PBXVariantGroup section */
		3CC02E3C1FBDCA0900B2BAF9 /* LaunchScreen.storyboard */ = {
			isa = PBXVariantGroup;
			children = (
				3CC02E3D1FBDCA0900B2BAF9 /* Base */,
			);
			name = LaunchScreen.storyboard;
			sourceTree = "<group>";
		};
/* End PBXVariantGroup section */

/* Begin XCBuildConfiguration section */
		3CC02E561FBDCA0900B2BAF9 /* Debug */ = {
			isa = XCBuildConfiguration;
			buildSettings = {
				ALWAYS_SEARCH_USER_PATHS = NO;
				CLANG_ANALYZER_NONNULL = YES;
				CLANG_ANALYZER_NUMBER_OBJECT_CONVERSION = YES_AGGRESSIVE;
				CLANG_CXX_LANGUAGE_STANDARD = "gnu++14";
				CLANG_CXX_LIBRARY = "libc++";
				CLANG_ENABLE_MODULES = YES;
				CLANG_ENABLE_OBJC_ARC = YES;
				CLANG_WARN_BLOCK_CAPTURE_AUTORELEASING = YES;
				CLANG_WARN_BOOL_CONVERSION = YES;
				CLANG_WARN_COMMA = YES;
				CLANG_WARN_CONSTANT_CONVERSION = YES;
				CLANG_WARN_DIRECT_OBJC_ISA_USAGE = YES_ERROR;
				CLANG_WARN_DOCUMENTATION_COMMENTS = YES;
				CLANG_WARN_EMPTY_BODY = YES;
				CLANG_WARN_ENUM_CONVERSION = YES;
				CLANG_WARN_INFINITE_RECURSION = YES;
				CLANG_WARN_INT_CONVERSION = YES;
				CLANG_WARN_NON_LITERAL_NULL_CONVERSION = YES;
				CLANG_WARN_OBJC_LITERAL_CONVERSION = YES;
				CLANG_WARN_OBJC_ROOT_CLASS = YES_ERROR;
				CLANG_WARN_RANGE_LOOP_ANALYSIS = YES;
				CLANG_WARN_STRICT_PROTOTYPES = YES;
				CLANG_WARN_SUSPICIOUS_MOVE = YES;
				CLANG_WARN_UNGUARDED_AVAILABILITY = YES_AGGRESSIVE;
				CLANG_WARN_UNREACHABLE_CODE = YES;
				CLANG_WARN__DUPLICATE_METHOD_MATCH = YES;
				CODE_SIGN_IDENTITY = "iPhone Developer";
				COPY_PHASE_STRIP = NO;
				DEBUG_INFORMATION_FORMAT = dwarf;
				ENABLE_STRICT_OBJC_MSGSEND = YES;
				ENABLE_TESTABILITY = YES;
				GCC_C_LANGUAGE_STANDARD = gnu11;
				GCC_DYNAMIC_NO_PIC = NO;
				GCC_NO_COMMON_BLOCKS = YES;
				GCC_OPTIMIZATION_LEVEL = 0;
				GCC_PREPROCESSOR_DEFINITIONS = (
					"DEBUG=1",
					"$(inherited)",
				);
				GCC_WARN_64_TO_32_BIT_CONVERSION = YES;
				GCC_WARN_ABOUT_RETURN_TYPE = YES_ERROR;
				GCC_WARN_UNDECLARED_SELECTOR = YES;
				GCC_WARN_UNINITIALIZED_AUTOS = YES_AGGRESSIVE;
				GCC_WARN_UNUSED_FUNCTION = YES;
				GCC_WARN_UNUSED_VARIABLE = YES;
				IPHONEOS_DEPLOYMENT_TARGET = 11.0;
				MTL_ENABLE_DEBUG_INFO = YES;
				ONLY_ACTIVE_ARCH = YES;
				SDKROOT = iphoneos;
				SWIFT_ACTIVE_COMPILATION_CONDITIONS = DEBUG;
				SWIFT_OPTIMIZATION_LEVEL = "-Onone";
			};
			name = Debug;
		};
		3CC02E571FBDCA0900B2BAF9 /* Release */ = {
			isa = XCBuildConfiguration;
			buildSettings = {
				ALWAYS_SEARCH_USER_PATHS = NO;
				CLANG_ANALYZER_NONNULL = YES;
				CLANG_ANALYZER_NUMBER_OBJECT_CONVERSION = YES_AGGRESSIVE;
				CLANG_CXX_LANGUAGE_STANDARD = "gnu++14";
				CLANG_CXX_LIBRARY = "libc++";
				CLANG_ENABLE_MODULES = YES;
				CLANG_ENABLE_OBJC_ARC = YES;
				CLANG_WARN_BLOCK_CAPTURE_AUTORELEASING = YES;
				CLANG_WARN_BOOL_CONVERSION = YES;
				CLANG_WARN_COMMA = YES;
				CLANG_WARN_CONSTANT_CONVERSION = YES;
				CLANG_WARN_DIRECT_OBJC_ISA_USAGE = YES_ERROR;
				CLANG_WARN_DOCUMENTATION_COMMENTS = YES;
				CLANG_WARN_EMPTY_BODY = YES;
				CLANG_WARN_ENUM_CONVERSION = YES;
				CLANG_WARN_INFINITE_RECURSION = YES;
				CLANG_WARN_INT_CONVERSION = YES;
				CLANG_WARN_NON_LITERAL_NULL_CONVERSION = YES;
				CLANG_WARN_OBJC_LITERAL_CONVERSION = YES;
				CLANG_WARN_OBJC_ROOT_CLASS = YES_ERROR;
				CLANG_WARN_RANGE_LOOP_ANALYSIS = YES;
				CLANG_WARN_STRICT_PROTOTYPES = YES;
				CLANG_WARN_SUSPICIOUS_MOVE = YES;
				CLANG_WARN_UNGUARDED_AVAILABILITY = YES_AGGRESSIVE;
				CLANG_WARN_UNREACHABLE_CODE = YES;
				CLANG_WARN__DUPLICATE_METHOD_MATCH = YES;
				CODE_SIGN_IDENTITY = "iPhone Developer";
				COPY_PHASE_STRIP = NO;
				DEBUG_INFORMATION_FORMAT = "dwarf-with-dsym";
				ENABLE_NS_ASSERTIONS = NO;
				ENABLE_STRICT_OBJC_MSGSEND = YES;
				GCC_C_LANGUAGE_STANDARD = gnu11;
				GCC_NO_COMMON_BLOCKS = YES;
				GCC_WARN_64_TO_32_BIT_CONVERSION = YES;
				GCC_WARN_ABOUT_RETURN_TYPE = YES_ERROR;
				GCC_WARN_UNDECLARED_SELECTOR = YES;
				GCC_WARN_UNINITIALIZED_AUTOS = YES_AGGRESSIVE;
				GCC_WARN_UNUSED_FUNCTION = YES;
				GCC_WARN_UNUSED_VARIABLE = YES;
				IPHONEOS_DEPLOYMENT_TARGET = 11.0;
				MTL_ENABLE_DEBUG_INFO = NO;
				SDKROOT = iphoneos;
				SWIFT_OPTIMIZATION_LEVEL = "-Owholemodule";
				VALIDATE_PRODUCT = YES;
			};
			name = Release;
		};
		3CC02E591FBDCA0900B2BAF9 /* Debug */ = {
			isa = XCBuildConfiguration;
			baseConfigurationReference = D800895CC7A47E4A98432108 /* Pods-TutuTestProject.debug.xcconfig */;
			buildSettings = {
				ASSETCATALOG_COMPILER_APPICON_NAME = AppIcon;
				CODE_SIGN_STYLE = Automatic;
				DEVELOPMENT_TEAM = G9F5S24X43;
				INFOPLIST_FILE = TutuTestProject/Info.plist;
				LD_RUNPATH_SEARCH_PATHS = "$(inherited) @executable_path/Frameworks";
				PRODUCT_BUNDLE_IDENTIFIER = com.danilovdev.TutuTestProject;
				PRODUCT_NAME = "$(TARGET_NAME)";
				SWIFT_VERSION = 4.0;
				TARGETED_DEVICE_FAMILY = "1,2";
			};
			name = Debug;
		};
		3CC02E5A1FBDCA0900B2BAF9 /* Release */ = {
			isa = XCBuildConfiguration;
			baseConfigurationReference = 8DCD15586B20B792FBFB7213 /* Pods-TutuTestProject.release.xcconfig */;
			buildSettings = {
				ASSETCATALOG_COMPILER_APPICON_NAME = AppIcon;
				CODE_SIGN_STYLE = Automatic;
				DEVELOPMENT_TEAM = G9F5S24X43;
				INFOPLIST_FILE = TutuTestProject/Info.plist;
				LD_RUNPATH_SEARCH_PATHS = "$(inherited) @executable_path/Frameworks";
				PRODUCT_BUNDLE_IDENTIFIER = com.danilovdev.TutuTestProject;
				PRODUCT_NAME = "$(TARGET_NAME)";
				SWIFT_VERSION = 4.0;
				TARGETED_DEVICE_FAMILY = "1,2";
			};
			name = Release;
		};
		3CC02E5C1FBDCA0900B2BAF9 /* Debug */ = {
			isa = XCBuildConfiguration;
			baseConfigurationReference = 0FBCDE8C1D7800B6FBE50AE2 /* Pods-TutuTestProjectTests.debug.xcconfig */;
			buildSettings = {
				ALWAYS_EMBED_SWIFT_STANDARD_LIBRARIES = YES;
				BUNDLE_LOADER = "$(TEST_HOST)";
				CODE_SIGN_STYLE = Automatic;
				DEVELOPMENT_TEAM = G9F5S24X43;
				INFOPLIST_FILE = TutuTestProjectTests/Info.plist;
				LD_RUNPATH_SEARCH_PATHS = "$(inherited) @executable_path/Frameworks @loader_path/Frameworks";
				PRODUCT_BUNDLE_IDENTIFIER = com.danilovdev.TutuTestProjectTests;
				PRODUCT_NAME = "$(TARGET_NAME)";
				SWIFT_VERSION = 4.0;
				TARGETED_DEVICE_FAMILY = "1,2";
				TEST_HOST = "$(BUILT_PRODUCTS_DIR)/TutuTestProject.app/TutuTestProject";
			};
			name = Debug;
		};
		3CC02E5D1FBDCA0900B2BAF9 /* Release */ = {
			isa = XCBuildConfiguration;
			baseConfigurationReference = 0E01E8A601DD1D21B7259A20 /* Pods-TutuTestProjectTests.release.xcconfig */;
			buildSettings = {
				ALWAYS_EMBED_SWIFT_STANDARD_LIBRARIES = YES;
				BUNDLE_LOADER = "$(TEST_HOST)";
				CODE_SIGN_STYLE = Automatic;
				DEVELOPMENT_TEAM = G9F5S24X43;
				INFOPLIST_FILE = TutuTestProjectTests/Info.plist;
				LD_RUNPATH_SEARCH_PATHS = "$(inherited) @executable_path/Frameworks @loader_path/Frameworks";
				PRODUCT_BUNDLE_IDENTIFIER = com.danilovdev.TutuTestProjectTests;
				PRODUCT_NAME = "$(TARGET_NAME)";
				SWIFT_VERSION = 4.0;
				TARGETED_DEVICE_FAMILY = "1,2";
				TEST_HOST = "$(BUILT_PRODUCTS_DIR)/TutuTestProject.app/TutuTestProject";
			};
			name = Release;
		};
		3CC02E5F1FBDCA0900B2BAF9 /* Debug */ = {
			isa = XCBuildConfiguration;
			baseConfigurationReference = 59DBD1F5B774F11B0BB40780 /* Pods-TutuTestProjectUITests.debug.xcconfig */;
			buildSettings = {
				ALWAYS_EMBED_SWIFT_STANDARD_LIBRARIES = YES;
				CODE_SIGN_STYLE = Automatic;
				DEVELOPMENT_TEAM = G9F5S24X43;
				INFOPLIST_FILE = TutuTestProjectUITests/Info.plist;
				LD_RUNPATH_SEARCH_PATHS = "$(inherited) @executable_path/Frameworks @loader_path/Frameworks";
				PRODUCT_BUNDLE_IDENTIFIER = com.danilovdev.TutuTestProjectUITests;
				PRODUCT_NAME = "$(TARGET_NAME)";
				SWIFT_VERSION = 4.0;
				TARGETED_DEVICE_FAMILY = "1,2";
				TEST_TARGET_NAME = TutuTestProject;
			};
			name = Debug;
		};
		3CC02E601FBDCA0900B2BAF9 /* Release */ = {
			isa = XCBuildConfiguration;
			baseConfigurationReference = E15FBB3192C25FCE4992C2F1 /* Pods-TutuTestProjectUITests.release.xcconfig */;
			buildSettings = {
				ALWAYS_EMBED_SWIFT_STANDARD_LIBRARIES = YES;
				CODE_SIGN_STYLE = Automatic;
				DEVELOPMENT_TEAM = G9F5S24X43;
				INFOPLIST_FILE = TutuTestProjectUITests/Info.plist;
				LD_RUNPATH_SEARCH_PATHS = "$(inherited) @executable_path/Frameworks @loader_path/Frameworks";
				PRODUCT_BUNDLE_IDENTIFIER = com.danilovdev.TutuTestProjectUITests;
				PRODUCT_NAME = "$(TARGET_NAME)";
				SWIFT_VERSION = 4.0;
				TARGETED_DEVICE_FAMILY = "1,2";
				TEST_TARGET_NAME = TutuTestProject;
			};
			name = Release;
		};
/* End XCBuildConfiguration section */

/* Begin XCConfigurationList section */
		3CC02E281FBDCA0900B2BAF9 /* Build configuration list for PBXProject "TutuTestProject" */ = {
			isa = XCConfigurationList;
			buildConfigurations = (
				3CC02E561FBDCA0900B2BAF9 /* Debug */,
				3CC02E571FBDCA0900B2BAF9 /* Release */,
			);
			defaultConfigurationIsVisible = 0;
			defaultConfigurationName = Release;
		};
		3CC02E581FBDCA0900B2BAF9 /* Build configuration list for PBXNativeTarget "TutuTestProject" */ = {
			isa = XCConfigurationList;
			buildConfigurations = (
				3CC02E591FBDCA0900B2BAF9 /* Debug */,
				3CC02E5A1FBDCA0900B2BAF9 /* Release */,
			);
			defaultConfigurationIsVisible = 0;
			defaultConfigurationName = Release;
		};
		3CC02E5B1FBDCA0900B2BAF9 /* Build configuration list for PBXNativeTarget "TutuTestProjectTests" */ = {
			isa = XCConfigurationList;
			buildConfigurations = (
				3CC02E5C1FBDCA0900B2BAF9 /* Debug */,
				3CC02E5D1FBDCA0900B2BAF9 /* Release */,
			);
			defaultConfigurationIsVisible = 0;
			defaultConfigurationName = Release;
		};
		3CC02E5E1FBDCA0900B2BAF9 /* Build configuration list for PBXNativeTarget "TutuTestProjectUITests" */ = {
			isa = XCConfigurationList;
			buildConfigurations = (
				3CC02E5F1FBDCA0900B2BAF9 /* Debug */,
				3CC02E601FBDCA0900B2BAF9 /* Release */,
			);
			defaultConfigurationIsVisible = 0;
			defaultConfigurationName = Release;
		};
/* End XCConfigurationList section */

/* Begin XCVersionGroup section */
		3CF1111D2057DD75003A6CCA /* TutuTestProject.xcdatamodeld */ = {
			isa = XCVersionGroup;
			children = (
				3CF1111E2057DD75003A6CCA /* TutuTestProject.xcdatamodel */,
			);
			currentVersion = 3CF1111E2057DD75003A6CCA /* TutuTestProject.xcdatamodel */;
			path = TutuTestProject.xcdatamodeld;
			sourceTree = "<group>";
			versionGroupType = wrapper.xcdatamodel;
		};
/* End XCVersionGroup section */
	};
	rootObject = 3CC02E251FBDCA0900B2BAF9 /* Project object */;
}
